// !$*UTF8*$!
{
	archiveVersion = 1;
	classes = {
	};
	objectVersion = 50;
	objects = {

/* Begin PBXBuildFile section */
		39B0AABE20B85F49006B45DD /* AppDelegate.swift in Sources */ = {isa = PBXBuildFile; fileRef = 39B0AABD20B85F49006B45DD /* AppDelegate.swift */; };
		39B0AAC020B85F49006B45DD /* ViewController.swift in Sources */ = {isa = PBXBuildFile; fileRef = 39B0AABF20B85F49006B45DD /* ViewController.swift */; };
		39B0AAC320B85F49006B45DD /* Main.storyboard in Resources */ = {isa = PBXBuildFile; fileRef = 39B0AAC120B85F49006B45DD /* Main.storyboard */; };
		39B0AAC520B85F59006B45DD /* Assets.xcassets in Resources */ = {isa = PBXBuildFile; fileRef = 39B0AAC420B85F59006B45DD /* Assets.xcassets */; };
		39B0AAC820B85F59006B45DD /* LaunchScreen.storyboard in Resources */ = {isa = PBXBuildFile; fileRef = 39B0AAC620B85F59006B45DD /* LaunchScreen.storyboard */; };
		39B0AAD020B8AFB9006B45DD /* ResultsViewController.swift in Sources */ = {isa = PBXBuildFile; fileRef = 39B0AACF20B8AFB9006B45DD /* ResultsViewController.swift */; };
/* End PBXBuildFile section */

/* Begin PBXFileReference section */
		39B0AABA20B85F49006B45DD /* Partager.app */ = {isa = PBXFileReference; explicitFileType = wrapper.application; includeInIndex = 0; path = Partager.app; sourceTree = BUILT_PRODUCTS_DIR; };
		39B0AABD20B85F49006B45DD /* AppDelegate.swift */ = {isa = PBXFileReference; lastKnownFileType = sourcecode.swift; path = AppDelegate.swift; sourceTree = "<group>"; };
		39B0AABF20B85F49006B45DD /* ViewController.swift */ = {isa = PBXFileReference; lastKnownFileType = sourcecode.swift; path = ViewController.swift; sourceTree = "<group>"; };
		39B0AAC220B85F49006B45DD /* Base */ = {isa = PBXFileReference; lastKnownFileType = file.storyboard; name = Base; path = Base.lproj/Main.storyboard; sourceTree = "<group>"; };
		39B0AAC420B85F59006B45DD /* Assets.xcassets */ = {isa = PBXFileReference; lastKnownFileType = folder.assetcatalog; path = Assets.xcassets; sourceTree = "<group>"; };
		39B0AAC720B85F59006B45DD /* Base */ = {isa = PBXFileReference; lastKnownFileType = file.storyboard; name = Base; path = Base.lproj/LaunchScreen.storyboard; sourceTree = "<group>"; };
		39B0AAC920B85F59006B45DD /* Info.plist */ = {isa = PBXFileReference; lastKnownFileType = text.plist.xml; path = Info.plist; sourceTree = "<group>"; };
		39B0AACF20B8AFB9006B45DD /* ResultsViewController.swift */ = {isa = PBXFileReference; lastKnownFileType = sourcecode.swift; path = ResultsViewController.swift; sourceTree = "<group>"; };
/* End PBXFileReference section */

/* Begin PBXFrameworksBuildPhase section */
		39B0AAB720B85F49006B45DD /* Frameworks */ = {
			isa = PBXFrameworksBuildPhase;
			buildActionMask = 2147483647;
			files = (
			);
			runOnlyForDeploymentPostprocessing = 0;
		};
/* End PBXFrameworksBuildPhase section */

/* Begin PBXGroup section */
		398614FB20B9F32C009387C5 /* Storyboards */ = {
			isa = PBXGroup;
			children = (
			);
			path = Storyboards;
			sourceTree = "<group>";
		};
		39B0AAB120B85F49006B45DD = {
			isa = PBXGroup;
			children = (
				398614FB20B9F32C009387C5 /* Storyboards */,
				39B0AABC20B85F49006B45DD /* Partager */,
				39B0AABB20B85F49006B45DD /* Products */,
			);
			sourceTree = "<group>";
		};
		39B0AABB20B85F49006B45DD /* Products */ = {
			isa = PBXGroup;
			children = (
				39B0AABA20B85F49006B45DD /* Partager.app */,
			);
			name = Products;
			sourceTree = "<group>";
		};
		39B0AABC20B85F49006B45DD /* Partager */ = {
			isa = PBXGroup;
			children = (
				39B0AAD120B918EC006B45DD /* controllers */,
				39B0AABD20B85F49006B45DD /* AppDelegate.swift */,
				39B0AAC120B85F49006B45DD /* Main.storyboard */,
				39B0AAC420B85F59006B45DD /* Assets.xcassets */,
				39B0AAC620B85F59006B45DD /* LaunchScreen.storyboard */,
				39B0AAC920B85F59006B45DD /* Info.plist */,
			);
			path = Partager;
			sourceTree = "<group>";
		};
		39B0AAD120B918EC006B45DD /* controllers */ = {
			isa = PBXGroup;
			children = (
				39B0AACF20B8AFB9006B45DD /* ResultsViewController.swift */,
				39B0AABF20B85F49006B45DD /* ViewController.swift */,
			);
			path = controllers;
			sourceTree = "<group>";
		};
/* End PBXGroup section */

/* Begin PBXNativeTarget section */
		39B0AAB920B85F49006B45DD /* Partager */ = {
			isa = PBXNativeTarget;
			buildConfigurationList = 39B0AACC20B85F59006B45DD /* Build configuration list for PBXNativeTarget "Partager" */;
			buildPhases = (
				39B0AAB620B85F49006B45DD /* Sources */,
				39B0AAB720B85F49006B45DD /* Frameworks */,
				39B0AAB820B85F49006B45DD /* Resources */,
			);
			buildRules = (
			);
			dependencies = (
			);
			name = Partager;
			productName = Partager;
			productReference = 39B0AABA20B85F49006B45DD /* Partager.app */;
			productType = "com.apple.product-type.application";
		};
/* End PBXNativeTarget section */

/* Begin PBXProject section */
		39B0AAB220B85F49006B45DD /* Project object */ = {
			isa = PBXProject;
			attributes = {
				LastSwiftUpdateCheck = 0930;
				LastUpgradeCheck = 0930;
				ORGANIZATIONNAME = jldroidSwift25;
				TargetAttributes = {
					39B0AAB920B85F49006B45DD = {
						CreatedOnToolsVersion = 9.3.1;
					};
				};
			};
			buildConfigurationList = 39B0AAB520B85F49006B45DD /* Build configuration list for PBXProject "Partager" */;
			compatibilityVersion = "Xcode 9.3";
			developmentRegion = en;
			hasScannedForEncodings = 0;
			knownRegions = (
				en,
				Base,
			);
			mainGroup = 39B0AAB120B85F49006B45DD;
			productRefGroup = 39B0AABB20B85F49006B45DD /* Products */;
			projectDirPath = "";
			projectRoot = "";
			targets = (
				39B0AAB920B85F49006B45DD /* Partager */,
			);
		};
/* End PBXProject section */

/* Begin PBXResourcesBuildPhase section */
		39B0AAB820B85F49006B45DD /* Resources */ = {
			isa = PBXResourcesBuildPhase;
			buildActionMask = 2147483647;
			files = (
				39B0AAC820B85F59006B45DD /* LaunchScreen.storyboard in Resources */,
				39B0AAC520B85F59006B45DD /* Assets.xcassets in Resources */,
				39B0AAC320B85F49006B45DD /* Main.storyboard in Resources */,
			);
			runOnlyForDeploymentPostprocessing = 0;
		};
/* End PBXResourcesBuildPhase section */

/* Begin PBXSourcesBuildPhase section */
		39B0AAB620B85F49006B45DD /* Sources */ = {
			isa = PBXSourcesBuildPhase;
			buildActionMask = 2147483647;
			files = (
				39B0AAC020B85F49006B45DD /* ViewController.swift in Sources */,
				39B0AABE20B85F49006B45DD /* AppDelegate.swift in Sources */,
				39B0AAD020B8AFB9006B45DD /* ResultsViewController.swift in Sources */,
			);
			runOnlyForDeploymentPostprocessing = 0;
		};
/* End PBXSourcesBuildPhase section */

/* Begin PBXVariantGroup section */
		39B0AAC120B85F49006B45DD /* Main.storyboard */ = {
			isa = PBXVariantGroup;
			children = (
				39B0AAC220B85F49006B45DD /* Base */,
			);
			name = Main.storyboard;
			sourceTree = "<group>";
		};
		39B0AAC620B85F59006B45DD /* LaunchScreen.storyboard */ = {
			isa = PBXVariantGroup;
			children = (
				39B0AAC720B85F59006B45DD /* Base */,
			);
			name = LaunchScreen.storyboard;
			sourceTree = "<group>";
		};
/* End PBXVariantGroup section */

/* Begin XCBuildConfiguration section */
		39B0AACA20B85F59006B45DD /* Debug */ = {
			isa = XCBuildConfiguration;
			buildSettings = {
				ALWAYS_SEARCH_USER_PATHS = NO;
				CLANG_ANALYZER_NONNULL = YES;
				CLANG_ANALYZER_NUMBER_OBJECT_CONVERSION = YES_AGGRESSIVE;
				CLANG_CXX_LANGUAGE_STANDARD = "gnu++14";
				CLANG_CXX_LIBRARY = "libc++";
				CLANG_ENABLE_MODULES = YES;
				CLANG_ENABLE_OBJC_ARC = YES;
				CLANG_ENABLE_OBJC_WEAK = YES;
				CLANG_WARN_BLOCK_CAPTURE_AUTORELEASING = YES;
				CLANG_WARN_BOOL_CONVERSION = YES;
				CLANG_WARN_COMMA = YES;
				CLANG_WARN_CONSTANT_CONVERSION = YES;
				CLANG_WARN_DEPRECATED_OBJC_IMPLEMENTATIONS = YES;
				CLANG_WARN_DIRECT_OBJC_ISA_USAGE = YES_ERROR;
				CLANG_WARN_DOCUMENTATION_COMMENTS = YES;
				CLANG_WARN_EMPTY_BODY = YES;
				CLANG_WARN_ENUM_CONVERSION = YES;
				CLANG_WARN_INFINITE_RECURSION = YES;
				CLANG_WARN_INT_CONVERSION = YES;
				CLANG_WARN_NON_LITERAL_NULL_CONVERSION = YES;
				CLANG_WARN_OBJC_IMPLICIT_RETAIN_SELF = YES;
				CLANG_WARN_OBJC_LITERAL_CONVERSION = YES;
				CLANG_WARN_OBJC_ROOT_CLASS = YES_ERROR;
				CLANG_WARN_RANGE_LOOP_ANALYSIS = YES;
				CLANG_WARN_STRICT_PROTOTYPES = YES;
				CLANG_WARN_SUSPICIOUS_MOVE = YES;
				CLANG_WARN_UNGUARDED_AVAILABILITY = YES_AGGRESSIVE;
				CLANG_WARN_UNREACHABLE_CODE = YES;
				CLANG_WARN__DUPLICATE_METHOD_MATCH = YES;
				CODE_SIGN_IDENTITY = "iPhone Developer";
				COPY_PHASE_STRIP = NO;
				DEBUG_INFORMATION_FORMAT = dwarf;
				ENABLE_STRICT_OBJC_MSGSEND = YES;
				ENABLE_TESTABILITY = YES;
				GCC_C_LANGUAGE_STANDARD = gnu11;
				GCC_DYNAMIC_NO_PIC = NO;
				GCC_NO_COMMON_BLOCKS = YES;
				GCC_OPTIMIZATION_LEVEL = 0;
				GCC_PREPROCESSOR_DEFINITIONS = (
					"DEBUG=1",
					"$(inherited)",
				);
				GCC_WARN_64_TO_32_BIT_CONVERSION = YES;
				GCC_WARN_ABOUT_RETURN_TYPE = YES_ERROR;
				GCC_WARN_UNDECLARED_SELECTOR = YES;
				GCC_WARN_UNINITIALIZED_AUTOS = YES_AGGRESSIVE;
				GCC_WARN_UNUSED_FUNCTION = YES;
				GCC_WARN_UNUSED_VARIABLE = YES;
				IPHONEOS_DEPLOYMENT_TARGET = 11.3;
				MTL_ENABLE_DEBUG_INFO = YES;
				ONLY_ACTIVE_ARCH = YES;
				SDKROOT = iphoneos;
				SWIFT_ACTIVE_COMPILATION_CONDITIONS = DEBUG;
				SWIFT_OPTIMIZATION_LEVEL = "-Onone";
			};
			name = Debug;
		};
		39B0AACB20B85F59006B45DD /* Release */ = {
			isa = XCBuildConfiguration;
			buildSettings = {
				ALWAYS_SEARCH_USER_PATHS = NO;
				CLANG_ANALYZER_NONNULL = YES;
				CLANG_ANALYZER_NUMBER_OBJECT_CONVERSION = YES_AGGRESSIVE;
				CLANG_CXX_LANGUAGE_STANDARD = "gnu++14";
				CLANG_CXX_LIBRARY = "libc++";
				CLANG_ENABLE_MODULES = YES;
				CLANG_ENABLE_OBJC_ARC = YES;
				CLANG_ENABLE_OBJC_WEAK = YES;
				CLANG_WARN_BLOCK_CAPTURE_AUTORELEASING = YES;
				CLANG_WARN_BOOL_CONVERSION = YES;
				CLANG_WARN_COMMA = YES;
				CLANG_WARN_CONSTANT_CONVERSION = YES;
				CLANG_WARN_DEPRECATED_OBJC_IMPLEMENTATIONS = YES;
				CLANG_WARN_DIRECT_OBJC_ISA_USAGE = YES_ERROR;
				CLANG_WARN_DOCUMENTATION_COMMENTS = YES;
				CLANG_WARN_EMPTY_BODY = YES;
				CLANG_WARN_ENUM_CONVERSION = YES;
				CLANG_WARN_INFINITE_RECURSION = YES;
				CLANG_WARN_INT_CONVERSION = YES;
				CLANG_WARN_NON_LITERAL_NULL_CONVERSION = YES;
				CLANG_WARN_OBJC_IMPLICIT_RETAIN_SELF = YES;
				CLANG_WARN_OBJC_LITERAL_CONVERSION = YES;
				CLANG_WARN_OBJC_ROOT_CLASS = YES_ERROR;
				CLANG_WARN_RANGE_LOOP_ANALYSIS = YES;
				CLANG_WARN_STRICT_PROTOTYPES = YES;
				CLANG_WARN_SUSPICIOUS_MOVE = YES;
				CLANG_WARN_UNGUARDED_AVAILABILITY = YES_AGGRESSIVE;
				CLANG_WARN_UNREACHABLE_CODE = YES;
				CLANG_WARN__DUPLICATE_METHOD_MATCH = YES;
				CODE_SIGN_IDENTITY = "iPhone Developer";
				COPY_PHASE_STRIP = NO;
				DEBUG_INFORMATION_FORMAT = "dwarf-with-dsym";
				ENABLE_NS_ASSERTIONS = NO;
				ENABLE_STRICT_OBJC_MSGSEND = YES;
				GCC_C_LANGUAGE_STANDARD = gnu11;
				GCC_NO_COMMON_BLOCKS = YES;
				GCC_WARN_64_TO_32_BIT_CONVERSION = YES;
				GCC_WARN_ABOUT_RETURN_TYPE = YES_ERROR;
				GCC_WARN_UNDECLARED_SELECTOR = YES;
				GCC_WARN_UNINITIALIZED_AUTOS = YES_AGGRESSIVE;
				GCC_WARN_UNUSED_FUNCTION = YES;
				GCC_WARN_UNUSED_VARIABLE = YES;
				IPHONEOS_DEPLOYMENT_TARGET = 11.3;
				MTL_ENABLE_DEBUG_INFO = NO;
				SDKROOT = iphoneos;
				SWIFT_COMPILATION_MODE = wholemodule;
				SWIFT_OPTIMIZATION_LEVEL = "-O";
				VALIDATE_PRODUCT = YES;
			};
			name = Release;
		};
		39B0AACD20B85F59006B45DD /* Debug */ = {
			isa = XCBuildConfiguration;
			buildSettings = {
				ASSETCATALOG_COMPILER_APPICON_NAME = AppIcon;
				CODE_SIGN_STYLE = Automatic;
				DEVELOPMENT_TEAM = PH7T2AY8WD;
				INFOPLIST_FILE = Partager/Info.plist;
				LD_RUNPATH_SEARCH_PATHS = (
					"$(inherited)",
					"@executable_path/Frameworks",
				);
				PRODUCT_BUNDLE_IDENTIFIER = com.Statumllc.HWCocos2d.Partager;
				PRODUCT_NAME = "$(TARGET_NAME)";
				SWIFT_VERSION = 4.0;
				TARGETED_DEVICE_FAMILY = "1,2";
			};
			name = Debug;
		};
		39B0AACE20B85F59006B45DD /* Release */ = {
			isa = XCBuildConfiguration;
			buildSettings = {
				ASSETCATALOG_COMPILER_APPICON_NAME = AppIcon;
				CODE_SIGN_STYLE = Automatic;
				DEVELOPMENT_TEAM = PH7T2AY8WD;
				INFOPLIST_FILE = Partager/Info.plist;
				LD_RUNPATH_SEARCH_PATHS = (
					"$(inherited)",
					"@executable_path/Frameworks",
				);
				PRODUCT_BUNDLE_IDENTIFIER = com.Statumllc.HWCocos2d.Partager;
				PRODUCT_NAME = "$(TARGET_NAME)";
				SWIFT_VERSION = 4.0;
				TARGETED_DEVICE_FAMILY = "1,2";
			};
			name = Release;
		};
/* End XCBuildConfiguration section */

/* Begin XCConfigurationList section */
		39B0AAB520B85F49006B45DD /* Build configuration list for PBXProject "Partager" */ = {
			isa = XCConfigurationList;
			buildConfigurations = (
				39B0AACA20B85F59006B45DD /* Debug */,
				39B0AACB20B85F59006B45DD /* Release */,
			);
			defaultConfigurationIsVisible = 0;
			defaultConfigurationName = Release;
		};
		39B0AACC20B85F59006B45DD /* Build configuration list for PBXNativeTarget "Partager" */ = {
			isa = XCConfigurationList;
			buildConfigurations = (
				39B0AACD20B85F59006B45DD /* Debug */,
				39B0AACE20B85F59006B45DD /* Release */,
			);
			defaultConfigurationIsVisible = 0;
			defaultConfigurationName = Release;
		};
/* End XCConfigurationList section */
	};
	rootObject = 39B0AAB220B85F49006B45DD /* Project object */;
}
