// !$*UTF8*$!
{
	archiveVersion = 1;
	classes = {
	};
	objectVersion = 50;
	objects = {

/* Begin PBXBuildFile section */
		39029595209FC3210017832C /* AppDelegate.swift in Sources */ = {isa = PBXBuildFile; fileRef = 39029594209FC3210017832C /* AppDelegate.swift */; };
		39029597209FC3210017832C /* ViewController.swift in Sources */ = {isa = PBXBuildFile; fileRef = 39029596209FC3210017832C /* ViewController.swift */; };
		3902959F209FC3330017832C /* LaunchScreen.storyboard in Resources */ = {isa = PBXBuildFile; fileRef = 3902959D209FC3330017832C /* LaunchScreen.storyboard */; };
		390295AA209FEB8F0017832C /* Models.swift in Sources */ = {isa = PBXBuildFile; fileRef = 390295A9209FEB8F0017832C /* Models.swift */; };
		390295AC20A007250017832C /* BookCell.swift in Sources */ = {isa = PBXBuildFile; fileRef = 390295AB20A007250017832C /* BookCell.swift */; };
		390295AE20A093000017832C /* Assets.xcassets in Resources */ = {isa = PBXBuildFile; fileRef = 390295AD20A093000017832C /* Assets.xcassets */; };
		390295B020A09ED40017832C /* BookPagerController.swift in Sources */ = {isa = PBXBuildFile; fileRef = 390295AF20A09ED40017832C /* BookPagerController.swift */; };
		390295B220A0B0550017832C /* PageCell.swift in Sources */ = {isa = PBXBuildFile; fileRef = 390295B120A0B0550017832C /* PageCell.swift */; };
/* End PBXBuildFile section */

/* Begin PBXFileReference section */
		39029591209FC3210017832C /* Jindle.app */ = {isa = PBXFileReference; explicitFileType = wrapper.application; includeInIndex = 0; path = Jindle.app; sourceTree = BUILT_PRODUCTS_DIR; };
		39029594209FC3210017832C /* AppDelegate.swift */ = {isa = PBXFileReference; lastKnownFileType = sourcecode.swift; path = AppDelegate.swift; sourceTree = "<group>"; };
		39029596209FC3210017832C /* ViewController.swift */ = {isa = PBXFileReference; lastKnownFileType = sourcecode.swift; path = ViewController.swift; sourceTree = "<group>"; };
		3902959E209FC3330017832C /* Base */ = {isa = PBXFileReference; lastKnownFileType = file.storyboard; name = Base; path = Base.lproj/LaunchScreen.storyboard; sourceTree = "<group>"; };
		390295A0209FC3330017832C /* Info.plist */ = {isa = PBXFileReference; lastKnownFileType = text.plist.xml; path = Info.plist; sourceTree = "<group>"; };
		390295A9209FEB8F0017832C /* Models.swift */ = {isa = PBXFileReference; lastKnownFileType = sourcecode.swift; path = Models.swift; sourceTree = "<group>"; };
		390295AB20A007250017832C /* BookCell.swift */ = {isa = PBXFileReference; lastKnownFileType = sourcecode.swift; path = BookCell.swift; sourceTree = "<group>"; };
		390295AD20A093000017832C /* Assets.xcassets */ = {isa = PBXFileReference; lastKnownFileType = folder.assetcatalog; path = Assets.xcassets; sourceTree = "<group>"; };
		390295AF20A09ED40017832C /* BookPagerController.swift */ = {isa = PBXFileReference; lastKnownFileType = sourcecode.swift; path = BookPagerController.swift; sourceTree = "<group>"; };
		390295B120A0B0550017832C /* PageCell.swift */ = {isa = PBXFileReference; lastKnownFileType = sourcecode.swift; path = PageCell.swift; sourceTree = "<group>"; };
/* End PBXFileReference section */

/* Begin PBXFrameworksBuildPhase section */
		3902958E209FC3210017832C /* Frameworks */ = {
			isa = PBXFrameworksBuildPhase;
			buildActionMask = 2147483647;
			files = (
			);
			runOnlyForDeploymentPostprocessing = 0;
		};
/* End PBXFrameworksBuildPhase section */

/* Begin PBXGroup section */
		39029588209FC3210017832C = {
			isa = PBXGroup;
			children = (
				39029593209FC3210017832C /* Jindle */,
				39029592209FC3210017832C /* Products */,
			);
			sourceTree = "<group>";
		};
		39029592209FC3210017832C /* Products */ = {
			isa = PBXGroup;
			children = (
				39029591209FC3210017832C /* Jindle.app */,
			);
			name = Products;
			sourceTree = "<group>";
		};
		39029593209FC3210017832C /* Jindle */ = {
			isa = PBXGroup;
			children = (
				390295A8209FEB6E0017832C /* Models */,
				390295A7209FEB650017832C /* Views */,
				390295A6209FEB5B0017832C /* Controllers */,
				39029594209FC3210017832C /* AppDelegate.swift */,
				390295AD20A093000017832C /* Assets.xcassets */,
				3902959D209FC3330017832C /* LaunchScreen.storyboard */,
				390295A0209FC3330017832C /* Info.plist */,
			);
			path = Jindle;
			sourceTree = "<group>";
		};
		390295A6209FEB5B0017832C /* Controllers */ = {
			isa = PBXGroup;
			children = (
				39029596209FC3210017832C /* ViewController.swift */,
			);
			path = Controllers;
			sourceTree = "<group>";
		};
		390295A7209FEB650017832C /* Views */ = {
			isa = PBXGroup;
			children = (
				390295AB20A007250017832C /* BookCell.swift */,
				390295AF20A09ED40017832C /* BookPagerController.swift */,
				390295B120A0B0550017832C /* PageCell.swift */,
			);
			path = Views;
			sourceTree = "<group>";
		};
		390295A8209FEB6E0017832C /* Models */ = {
			isa = PBXGroup;
			children = (
				390295A9209FEB8F0017832C /* Models.swift */,
			);
			path = Models;
			sourceTree = "<group>";
		};
/* End PBXGroup section */

/* Begin PBXNativeTarget section */
		39029590209FC3210017832C /* Jindle */ = {
			isa = PBXNativeTarget;
			buildConfigurationList = 390295A3209FC3330017832C /* Build configuration list for PBXNativeTarget "Jindle" */;
			buildPhases = (
				3902958D209FC3210017832C /* Sources */,
				3902958E209FC3210017832C /* Frameworks */,
				3902958F209FC3210017832C /* Resources */,
			);
			buildRules = (
			);
			dependencies = (
			);
			name = Jindle;
			productName = Jindle;
			productReference = 39029591209FC3210017832C /* Jindle.app */;
			productType = "com.apple.product-type.application";
		};
/* End PBXNativeTarget section */

/* Begin PBXProject section */
		39029589209FC3210017832C /* Project object */ = {
			isa = PBXProject;
			attributes = {
				LastSwiftUpdateCheck = 0930;
				LastUpgradeCheck = 0930;
				ORGANIZATIONNAME = jldroidSwift25;
				TargetAttributes = {
					39029590209FC3210017832C = {
						CreatedOnToolsVersion = 9.3;
					};
				};
			};
			buildConfigurationList = 3902958C209FC3210017832C /* Build configuration list for PBXProject "Jindle" */;
			compatibilityVersion = "Xcode 9.3";
			developmentRegion = en;
			hasScannedForEncodings = 0;
			knownRegions = (
				en,
				Base,
			);
			mainGroup = 39029588209FC3210017832C;
			productRefGroup = 39029592209FC3210017832C /* Products */;
			projectDirPath = "";
			projectRoot = "";
			targets = (
				39029590209FC3210017832C /* Jindle */,
			);
		};
/* End PBXProject section */

/* Begin PBXResourcesBuildPhase section */
		3902958F209FC3210017832C /* Resources */ = {
			isa = PBXResourcesBuildPhase;
			buildActionMask = 2147483647;
			files = (
				390295AE20A093000017832C /* Assets.xcassets in Resources */,
				3902959F209FC3330017832C /* LaunchScreen.storyboard in Resources */,
			);
			runOnlyForDeploymentPostprocessing = 0;
		};
/* End PBXResourcesBuildPhase section */

/* Begin PBXSourcesBuildPhase section */
		3902958D209FC3210017832C /* Sources */ = {
			isa = PBXSourcesBuildPhase;
			buildActionMask = 2147483647;
			files = (
				390295AC20A007250017832C /* BookCell.swift in Sources */,
				390295AA209FEB8F0017832C /* Models.swift in Sources */,
				390295B220A0B0550017832C /* PageCell.swift in Sources */,
				39029597209FC3210017832C /* ViewController.swift in Sources */,
				390295B020A09ED40017832C /* BookPagerController.swift in Sources */,
				39029595209FC3210017832C /* AppDelegate.swift in Sources */,
			);
			runOnlyForDeploymentPostprocessing = 0;
		};
/* End PBXSourcesBuildPhase section */

/* Begin PBXVariantGroup section */
		3902959D209FC3330017832C /* LaunchScreen.storyboard */ = {
			isa = PBXVariantGroup;
			children = (
				3902959E209FC3330017832C /* Base */,
			);
			name = LaunchScreen.storyboard;
			sourceTree = "<group>";
		};
/* End PBXVariantGroup section */

/* Begin XCBuildConfiguration section */
		390295A1209FC3330017832C /* Debug */ = {
			isa = XCBuildConfiguration;
			buildSettings = {
				ALWAYS_SEARCH_USER_PATHS = NO;
				CLANG_ANALYZER_NONNULL = YES;
				CLANG_ANALYZER_NUMBER_OBJECT_CONVERSION = YES_AGGRESSIVE;
				CLANG_CXX_LANGUAGE_STANDARD = "gnu++14";
				CLANG_CXX_LIBRARY = "libc++";
				CLANG_ENABLE_MODULES = YES;
				CLANG_ENABLE_OBJC_ARC = YES;
				CLANG_ENABLE_OBJC_WEAK = YES;
				CLANG_WARN_BLOCK_CAPTURE_AUTORELEASING = YES;
				CLANG_WARN_BOOL_CONVERSION = YES;
				CLANG_WARN_COMMA = YES;
				CLANG_WARN_CONSTANT_CONVERSION = YES;
				CLANG_WARN_DEPRECATED_OBJC_IMPLEMENTATIONS = YES;
				CLANG_WARN_DIRECT_OBJC_ISA_USAGE = YES_ERROR;
				CLANG_WARN_DOCUMENTATION_COMMENTS = YES;
				CLANG_WARN_EMPTY_BODY = YES;
				CLANG_WARN_ENUM_CONVERSION = YES;
				CLANG_WARN_INFINITE_RECURSION = YES;
				CLANG_WARN_INT_CONVERSION = YES;
				CLANG_WARN_NON_LITERAL_NULL_CONVERSION = YES;
				CLANG_WARN_OBJC_IMPLICIT_RETAIN_SELF = YES;
				CLANG_WARN_OBJC_LITERAL_CONVERSION = YES;
				CLANG_WARN_OBJC_ROOT_CLASS = YES_ERROR;
				CLANG_WARN_RANGE_LOOP_ANALYSIS = YES;
				CLANG_WARN_STRICT_PROTOTYPES = YES;
				CLANG_WARN_SUSPICIOUS_MOVE = YES;
				CLANG_WARN_UNGUARDED_AVAILABILITY = YES_AGGRESSIVE;
				CLANG_WARN_UNREACHABLE_CODE = YES;
				CLANG_WARN__DUPLICATE_METHOD_MATCH = YES;
				CODE_SIGN_IDENTITY = "iPhone Developer";
				COPY_PHASE_STRIP = NO;
				DEBUG_INFORMATION_FORMAT = dwarf;
				ENABLE_STRICT_OBJC_MSGSEND = YES;
				ENABLE_TESTABILITY = YES;
				GCC_C_LANGUAGE_STANDARD = gnu11;
				GCC_DYNAMIC_NO_PIC = NO;
				GCC_NO_COMMON_BLOCKS = YES;
				GCC_OPTIMIZATION_LEVEL = 0;
				GCC_PREPROCESSOR_DEFINITIONS = (
					"DEBUG=1",
					"$(inherited)",
				);
				GCC_WARN_64_TO_32_BIT_CONVERSION = YES;
				GCC_WARN_ABOUT_RETURN_TYPE = YES_ERROR;
				GCC_WARN_UNDECLARED_SELECTOR = YES;
				GCC_WARN_UNINITIALIZED_AUTOS = YES_AGGRESSIVE;
				GCC_WARN_UNUSED_FUNCTION = YES;
				GCC_WARN_UNUSED_VARIABLE = YES;
				IPHONEOS_DEPLOYMENT_TARGET = 11.3;
				MTL_ENABLE_DEBUG_INFO = YES;
				ONLY_ACTIVE_ARCH = YES;
				SDKROOT = iphoneos;
				SWIFT_ACTIVE_COMPILATION_CONDITIONS = DEBUG;
				SWIFT_OPTIMIZATION_LEVEL = "-Onone";
			};
			name = Debug;
		};
		390295A2209FC3330017832C /* Release */ = {
			isa = XCBuildConfiguration;
			buildSettings = {
				ALWAYS_SEARCH_USER_PATHS = NO;
				CLANG_ANALYZER_NONNULL = YES;
				CLANG_ANALYZER_NUMBER_OBJECT_CONVERSION = YES_AGGRESSIVE;
				CLANG_CXX_LANGUAGE_STANDARD = "gnu++14";
				CLANG_CXX_LIBRARY = "libc++";
				CLANG_ENABLE_MODULES = YES;
				CLANG_ENABLE_OBJC_ARC = YES;
				CLANG_ENABLE_OBJC_WEAK = YES;
				CLANG_WARN_BLOCK_CAPTURE_AUTORELEASING = YES;
				CLANG_WARN_BOOL_CONVERSION = YES;
				CLANG_WARN_COMMA = YES;
				CLANG_WARN_CONSTANT_CONVERSION = YES;
				CLANG_WARN_DEPRECATED_OBJC_IMPLEMENTATIONS = YES;
				CLANG_WARN_DIRECT_OBJC_ISA_USAGE = YES_ERROR;
				CLANG_WARN_DOCUMENTATION_COMMENTS = YES;
				CLANG_WARN_EMPTY_BODY = YES;
				CLANG_WARN_ENUM_CONVERSION = YES;
				CLANG_WARN_INFINITE_RECURSION = YES;
				CLANG_WARN_INT_CONVERSION = YES;
				CLANG_WARN_NON_LITERAL_NULL_CONVERSION = YES;
				CLANG_WARN_OBJC_IMPLICIT_RETAIN_SELF = YES;
				CLANG_WARN_OBJC_LITERAL_CONVERSION = YES;
				CLANG_WARN_OBJC_ROOT_CLASS = YES_ERROR;
				CLANG_WARN_RANGE_LOOP_ANALYSIS = YES;
				CLANG_WARN_STRICT_PROTOTYPES = YES;
				CLANG_WARN_SUSPICIOUS_MOVE = YES;
				CLANG_WARN_UNGUARDED_AVAILABILITY = YES_AGGRESSIVE;
				CLANG_WARN_UNREACHABLE_CODE = YES;
				CLANG_WARN__DUPLICATE_METHOD_MATCH = YES;
				CODE_SIGN_IDENTITY = "iPhone Developer";
				COPY_PHASE_STRIP = NO;
				DEBUG_INFORMATION_FORMAT = "dwarf-with-dsym";
				ENABLE_NS_ASSERTIONS = NO;
				ENABLE_STRICT_OBJC_MSGSEND = YES;
				GCC_C_LANGUAGE_STANDARD = gnu11;
				GCC_NO_COMMON_BLOCKS = YES;
				GCC_WARN_64_TO_32_BIT_CONVERSION = YES;
				GCC_WARN_ABOUT_RETURN_TYPE = YES_ERROR;
				GCC_WARN_UNDECLARED_SELECTOR = YES;
				GCC_WARN_UNINITIALIZED_AUTOS = YES_AGGRESSIVE;
				GCC_WARN_UNUSED_FUNCTION = YES;
				GCC_WARN_UNUSED_VARIABLE = YES;
				IPHONEOS_DEPLOYMENT_TARGET = 11.3;
				MTL_ENABLE_DEBUG_INFO = NO;
				SDKROOT = iphoneos;
				SWIFT_COMPILATION_MODE = wholemodule;
				SWIFT_OPTIMIZATION_LEVEL = "-O";
				VALIDATE_PRODUCT = YES;
			};
			name = Release;
		};
		390295A4209FC3330017832C /* Debug */ = {
			isa = XCBuildConfiguration;
			buildSettings = {
				ASSETCATALOG_COMPILER_APPICON_NAME = Jindle_Icon;
				CODE_SIGN_STYLE = Automatic;
				DEVELOPMENT_TEAM = PH7T2AY8WD;
				INFOPLIST_FILE = Jindle/Info.plist;
				LD_RUNPATH_SEARCH_PATHS = (
					"$(inherited)",
					"@executable_path/Frameworks",
				);
				PRODUCT_BUNDLE_IDENTIFIER = com.Statumllc.HWCocos2d.Jindle;
				PRODUCT_NAME = "$(TARGET_NAME)";
				SWIFT_VERSION = 4.0;
				TARGETED_DEVICE_FAMILY = "1,2";
			};
			name = Debug;
		};
		390295A5209FC3330017832C /* Release */ = {
			isa = XCBuildConfiguration;
			buildSettings = {
				ASSETCATALOG_COMPILER_APPICON_NAME = Jindle_Icon;
				CODE_SIGN_STYLE = Automatic;
				DEVELOPMENT_TEAM = PH7T2AY8WD;
				INFOPLIST_FILE = Jindle/Info.plist;
				LD_RUNPATH_SEARCH_PATHS = (
					"$(inherited)",
					"@executable_path/Frameworks",
				);
				PRODUCT_BUNDLE_IDENTIFIER = com.Statumllc.HWCocos2d.Jindle;
				PRODUCT_NAME = "$(TARGET_NAME)";
				SWIFT_VERSION = 4.0;
				TARGETED_DEVICE_FAMILY = "1,2";
			};
			name = Release;
		};
/* End XCBuildConfiguration section */

/* Begin XCConfigurationList section */
		3902958C209FC3210017832C /* Build configuration list for PBXProject "Jindle" */ = {
			isa = XCConfigurationList;
			buildConfigurations = (
				390295A1209FC3330017832C /* Debug */,
				390295A2209FC3330017832C /* Release */,
			);
			defaultConfigurationIsVisible = 0;
			defaultConfigurationName = Release;
		};
		390295A3209FC3330017832C /* Build configuration list for PBXNativeTarget "Jindle" */ = {
			isa = XCConfigurationList;
			buildConfigurations = (
				390295A4209FC3330017832C /* Debug */,
				390295A5209FC3330017832C /* Release */,
			);
			defaultConfigurationIsVisible = 0;
			defaultConfigurationName = Release;
		};
/* End XCConfigurationList section */
	};
	rootObject = 39029589209FC3210017832C /* Project object */;
}
