// !$*UTF8*$!
{
	archiveVersion = 1;
	classes = {
	};
	objectVersion = 50;
	objects = {

/* Begin PBXBuildFile section */
		39478450209C153000E4A618 /* SampleViewController.swift in Sources */ = {isa = PBXBuildFile; fileRef = 3947844F209C153000E4A618 /* SampleViewController.swift */; };
		39478452209C155B00E4A618 /* OrderViewController.swift in Sources */ = {isa = PBXBuildFile; fileRef = 39478451209C155B00E4A618 /* OrderViewController.swift */; };
		39983D8B20865AFC00D95889 /* AppDelegate.swift in Sources */ = {isa = PBXBuildFile; fileRef = 39983D8A20865AFC00D95889 /* AppDelegate.swift */; };
		39983D8D20865AFC00D95889 /* ViewController.swift in Sources */ = {isa = PBXBuildFile; fileRef = 39983D8C20865AFC00D95889 /* ViewController.swift */; };
		39983D9020865AFC00D95889 /* Main.storyboard in Resources */ = {isa = PBXBuildFile; fileRef = 39983D8E20865AFC00D95889 /* Main.storyboard */; };
		39983D9220865B0000D95889 /* Assets.xcassets in Resources */ = {isa = PBXBuildFile; fileRef = 39983D9120865B0000D95889 /* Assets.xcassets */; };
		39983D9520865B0000D95889 /* LaunchScreen.storyboard in Resources */ = {isa = PBXBuildFile; fileRef = 39983D9320865B0000D95889 /* LaunchScreen.storyboard */; };
/* End PBXBuildFile section */

/* Begin PBXFileReference section */
		3947844F209C153000E4A618 /* SampleViewController.swift */ = {isa = PBXFileReference; lastKnownFileType = sourcecode.swift; path = SampleViewController.swift; sourceTree = "<group>"; };
		39478451209C155B00E4A618 /* OrderViewController.swift */ = {isa = PBXFileReference; lastKnownFileType = sourcecode.swift; path = OrderViewController.swift; sourceTree = "<group>"; };
		39983D8720865AFC00D95889 /* BedFord  Florist.app */ = {isa = PBXFileReference; explicitFileType = wrapper.application; includeInIndex = 0; path = "BedFord  Florist.app"; sourceTree = BUILT_PRODUCTS_DIR; };
		39983D8A20865AFC00D95889 /* AppDelegate.swift */ = {isa = PBXFileReference; lastKnownFileType = sourcecode.swift; path = AppDelegate.swift; sourceTree = "<group>"; };
		39983D8C20865AFC00D95889 /* ViewController.swift */ = {isa = PBXFileReference; lastKnownFileType = sourcecode.swift; path = ViewController.swift; sourceTree = "<group>"; };
		39983D8F20865AFC00D95889 /* Base */ = {isa = PBXFileReference; lastKnownFileType = file.storyboard; name = Base; path = Base.lproj/Main.storyboard; sourceTree = "<group>"; };
		39983D9120865B0000D95889 /* Assets.xcassets */ = {isa = PBXFileReference; lastKnownFileType = folder.assetcatalog; path = Assets.xcassets; sourceTree = "<group>"; };
		39983D9420865B0000D95889 /* Base */ = {isa = PBXFileReference; lastKnownFileType = file.storyboard; name = Base; path = Base.lproj/LaunchScreen.storyboard; sourceTree = "<group>"; };
		39983D9620865B0100D95889 /* Info.plist */ = {isa = PBXFileReference; lastKnownFileType = text.plist.xml; path = Info.plist; sourceTree = "<group>"; };
/* End PBXFileReference section */

/* Begin PBXFrameworksBuildPhase section */
		39983D8420865AFC00D95889 /* Frameworks */ = {
			isa = PBXFrameworksBuildPhase;
			buildActionMask = 2147483647;
			files = (
			);
			runOnlyForDeploymentPostprocessing = 0;
		};
/* End PBXFrameworksBuildPhase section */

/* Begin PBXGroup section */
		3947844E209C14F400E4A618 /* Controllers */ = {
			isa = PBXGroup;
			children = (
				39983D8C20865AFC00D95889 /* ViewController.swift */,
				3947844F209C153000E4A618 /* SampleViewController.swift */,
				39478451209C155B00E4A618 /* OrderViewController.swift */,
			);
			path = Controllers;
			sourceTree = "<group>";
		};
		39983D7E20865AFC00D95889 = {
			isa = PBXGroup;
			children = (
				39983D8920865AFC00D95889 /* Florist */,
				39983D8820865AFC00D95889 /* Products */,
			);
			sourceTree = "<group>";
		};
		39983D8820865AFC00D95889 /* Products */ = {
			isa = PBXGroup;
			children = (
				39983D8720865AFC00D95889 /* BedFord  Florist.app */,
			);
			name = Products;
			sourceTree = "<group>";
		};
		39983D8920865AFC00D95889 /* Florist */ = {
			isa = PBXGroup;
			children = (
				3947844E209C14F400E4A618 /* Controllers */,
				39983D8A20865AFC00D95889 /* AppDelegate.swift */,
				39983D8E20865AFC00D95889 /* Main.storyboard */,
				39983D9120865B0000D95889 /* Assets.xcassets */,
				39983D9320865B0000D95889 /* LaunchScreen.storyboard */,
				39983D9620865B0100D95889 /* Info.plist */,
			);
			path = Florist;
			sourceTree = "<group>";
		};
/* End PBXGroup section */

/* Begin PBXNativeTarget section */
		39983D8620865AFC00D95889 /* Florist */ = {
			isa = PBXNativeTarget;
			buildConfigurationList = 39983D9920865B0100D95889 /* Build configuration list for PBXNativeTarget "Florist" */;
			buildPhases = (
				39983D8320865AFC00D95889 /* Sources */,
				39983D8420865AFC00D95889 /* Frameworks */,
				39983D8520865AFC00D95889 /* Resources */,
			);
			buildRules = (
			);
			dependencies = (
			);
			name = Florist;
			productName = Florist;
			productReference = 39983D8720865AFC00D95889 /* BedFord  Florist.app */;
			productType = "com.apple.product-type.application";
		};
/* End PBXNativeTarget section */

/* Begin PBXProject section */
		39983D7F20865AFC00D95889 /* Project object */ = {
			isa = PBXProject;
			attributes = {
				LastSwiftUpdateCheck = 0930;
				LastUpgradeCheck = 0930;
				ORGANIZATIONNAME = jldroidSwift25;
				TargetAttributes = {
					39983D8620865AFC00D95889 = {
						CreatedOnToolsVersion = 9.3;
					};
				};
			};
			buildConfigurationList = 39983D8220865AFC00D95889 /* Build configuration list for PBXProject "Florist" */;
			compatibilityVersion = "Xcode 9.3";
			developmentRegion = en;
			hasScannedForEncodings = 0;
			knownRegions = (
				en,
				Base,
			);
			mainGroup = 39983D7E20865AFC00D95889;
			productRefGroup = 39983D8820865AFC00D95889 /* Products */;
			projectDirPath = "";
			projectRoot = "";
			targets = (
				39983D8620865AFC00D95889 /* Florist */,
			);
		};
/* End PBXProject section */

/* Begin PBXResourcesBuildPhase section */
		39983D8520865AFC00D95889 /* Resources */ = {
			isa = PBXResourcesBuildPhase;
			buildActionMask = 2147483647;
			files = (
				39983D9520865B0000D95889 /* LaunchScreen.storyboard in Resources */,
				39983D9220865B0000D95889 /* Assets.xcassets in Resources */,
				39983D9020865AFC00D95889 /* Main.storyboard in Resources */,
			);
			runOnlyForDeploymentPostprocessing = 0;
		};
/* End PBXResourcesBuildPhase section */

/* Begin PBXSourcesBuildPhase section */
		39983D8320865AFC00D95889 /* Sources */ = {
			isa = PBXSourcesBuildPhase;
			buildActionMask = 2147483647;
			files = (
				39983D8D20865AFC00D95889 /* ViewController.swift in Sources */,
				39983D8B20865AFC00D95889 /* AppDelegate.swift in Sources */,
				39478450209C153000E4A618 /* SampleViewController.swift in Sources */,
				39478452209C155B00E4A618 /* OrderViewController.swift in Sources */,
			);
			runOnlyForDeploymentPostprocessing = 0;
		};
/* End PBXSourcesBuildPhase section */

/* Begin PBXVariantGroup section */
		39983D8E20865AFC00D95889 /* Main.storyboard */ = {
			isa = PBXVariantGroup;
			children = (
				39983D8F20865AFC00D95889 /* Base */,
			);
			name = Main.storyboard;
			sourceTree = "<group>";
		};
		39983D9320865B0000D95889 /* LaunchScreen.storyboard */ = {
			isa = PBXVariantGroup;
			children = (
				39983D9420865B0000D95889 /* Base */,
			);
			name = LaunchScreen.storyboard;
			sourceTree = "<group>";
		};
/* End PBXVariantGroup section */

/* Begin XCBuildConfiguration section */
		39983D9720865B0100D95889 /* Debug */ = {
			isa = XCBuildConfiguration;
			buildSettings = {
				ALWAYS_SEARCH_USER_PATHS = NO;
				CLANG_ANALYZER_NONNULL = YES;
				CLANG_ANALYZER_NUMBER_OBJECT_CONVERSION = YES_AGGRESSIVE;
				CLANG_CXX_LANGUAGE_STANDARD = "gnu++14";
				CLANG_CXX_LIBRARY = "libc++";
				CLANG_ENABLE_MODULES = YES;
				CLANG_ENABLE_OBJC_ARC = YES;
				CLANG_ENABLE_OBJC_WEAK = YES;
				CLANG_WARN_BLOCK_CAPTURE_AUTORELEASING = YES;
				CLANG_WARN_BOOL_CONVERSION = YES;
				CLANG_WARN_COMMA = YES;
				CLANG_WARN_CONSTANT_CONVERSION = YES;
				CLANG_WARN_DEPRECATED_OBJC_IMPLEMENTATIONS = YES;
				CLANG_WARN_DIRECT_OBJC_ISA_USAGE = YES_ERROR;
				CLANG_WARN_DOCUMENTATION_COMMENTS = YES;
				CLANG_WARN_EMPTY_BODY = YES;
				CLANG_WARN_ENUM_CONVERSION = YES;
				CLANG_WARN_INFINITE_RECURSION = YES;
				CLANG_WARN_INT_CONVERSION = YES;
				CLANG_WARN_NON_LITERAL_NULL_CONVERSION = YES;
				CLANG_WARN_OBJC_IMPLICIT_RETAIN_SELF = YES;
				CLANG_WARN_OBJC_LITERAL_CONVERSION = YES;
				CLANG_WARN_OBJC_ROOT_CLASS = YES_ERROR;
				CLANG_WARN_RANGE_LOOP_ANALYSIS = YES;
				CLANG_WARN_STRICT_PROTOTYPES = YES;
				CLANG_WARN_SUSPICIOUS_MOVE = YES;
				CLANG_WARN_UNGUARDED_AVAILABILITY = YES_AGGRESSIVE;
				CLANG_WARN_UNREACHABLE_CODE = YES;
				CLANG_WARN__DUPLICATE_METHOD_MATCH = YES;
				CODE_SIGN_IDENTITY = "iPhone Developer";
				COPY_PHASE_STRIP = NO;
				DEBUG_INFORMATION_FORMAT = dwarf;
				ENABLE_STRICT_OBJC_MSGSEND = YES;
				ENABLE_TESTABILITY = YES;
				GCC_C_LANGUAGE_STANDARD = gnu11;
				GCC_DYNAMIC_NO_PIC = NO;
				GCC_NO_COMMON_BLOCKS = YES;
				GCC_OPTIMIZATION_LEVEL = 0;
				GCC_PREPROCESSOR_DEFINITIONS = (
					"DEBUG=1",
					"$(inherited)",
				);
				GCC_WARN_64_TO_32_BIT_CONVERSION = YES;
				GCC_WARN_ABOUT_RETURN_TYPE = YES_ERROR;
				GCC_WARN_UNDECLARED_SELECTOR = YES;
				GCC_WARN_UNINITIALIZED_AUTOS = YES_AGGRESSIVE;
				GCC_WARN_UNUSED_FUNCTION = YES;
				GCC_WARN_UNUSED_VARIABLE = YES;
				IPHONEOS_DEPLOYMENT_TARGET = 11.3;
				MTL_ENABLE_DEBUG_INFO = YES;
				ONLY_ACTIVE_ARCH = YES;
				SDKROOT = iphoneos;
				SWIFT_ACTIVE_COMPILATION_CONDITIONS = DEBUG;
				SWIFT_OPTIMIZATION_LEVEL = "-Onone";
			};
			name = Debug;
		};
		39983D9820865B0100D95889 /* Release */ = {
			isa = XCBuildConfiguration;
			buildSettings = {
				ALWAYS_SEARCH_USER_PATHS = NO;
				CLANG_ANALYZER_NONNULL = YES;
				CLANG_ANALYZER_NUMBER_OBJECT_CONVERSION = YES_AGGRESSIVE;
				CLANG_CXX_LANGUAGE_STANDARD = "gnu++14";
				CLANG_CXX_LIBRARY = "libc++";
				CLANG_ENABLE_MODULES = YES;
				CLANG_ENABLE_OBJC_ARC = YES;
				CLANG_ENABLE_OBJC_WEAK = YES;
				CLANG_WARN_BLOCK_CAPTURE_AUTORELEASING = YES;
				CLANG_WARN_BOOL_CONVERSION = YES;
				CLANG_WARN_COMMA = YES;
				CLANG_WARN_CONSTANT_CONVERSION = YES;
				CLANG_WARN_DEPRECATED_OBJC_IMPLEMENTATIONS = YES;
				CLANG_WARN_DIRECT_OBJC_ISA_USAGE = YES_ERROR;
				CLANG_WARN_DOCUMENTATION_COMMENTS = YES;
				CLANG_WARN_EMPTY_BODY = YES;
				CLANG_WARN_ENUM_CONVERSION = YES;
				CLANG_WARN_INFINITE_RECURSION = YES;
				CLANG_WARN_INT_CONVERSION = YES;
				CLANG_WARN_NON_LITERAL_NULL_CONVERSION = YES;
				CLANG_WARN_OBJC_IMPLICIT_RETAIN_SELF = YES;
				CLANG_WARN_OBJC_LITERAL_CONVERSION = YES;
				CLANG_WARN_OBJC_ROOT_CLASS = YES_ERROR;
				CLANG_WARN_RANGE_LOOP_ANALYSIS = YES;
				CLANG_WARN_STRICT_PROTOTYPES = YES;
				CLANG_WARN_SUSPICIOUS_MOVE = YES;
				CLANG_WARN_UNGUARDED_AVAILABILITY = YES_AGGRESSIVE;
				CLANG_WARN_UNREACHABLE_CODE = YES;
				CLANG_WARN__DUPLICATE_METHOD_MATCH = YES;
				CODE_SIGN_IDENTITY = "iPhone Developer";
				COPY_PHASE_STRIP = NO;
				DEBUG_INFORMATION_FORMAT = "dwarf-with-dsym";
				ENABLE_NS_ASSERTIONS = NO;
				ENABLE_STRICT_OBJC_MSGSEND = YES;
				GCC_C_LANGUAGE_STANDARD = gnu11;
				GCC_NO_COMMON_BLOCKS = YES;
				GCC_WARN_64_TO_32_BIT_CONVERSION = YES;
				GCC_WARN_ABOUT_RETURN_TYPE = YES_ERROR;
				GCC_WARN_UNDECLARED_SELECTOR = YES;
				GCC_WARN_UNINITIALIZED_AUTOS = YES_AGGRESSIVE;
				GCC_WARN_UNUSED_FUNCTION = YES;
				GCC_WARN_UNUSED_VARIABLE = YES;
				IPHONEOS_DEPLOYMENT_TARGET = 11.3;
				MTL_ENABLE_DEBUG_INFO = NO;
				SDKROOT = iphoneos;
				SWIFT_COMPILATION_MODE = wholemodule;
				SWIFT_OPTIMIZATION_LEVEL = "-O";
				VALIDATE_PRODUCT = YES;
			};
			name = Release;
		};
		39983D9A20865B0100D95889 /* Debug */ = {
			isa = XCBuildConfiguration;
			buildSettings = {
				ASSETCATALOG_COMPILER_APPICON_NAME = "AppIcon-1";
				CODE_SIGN_STYLE = Automatic;
				DEVELOPMENT_TEAM = PH7T2AY8WD;
				INFOPLIST_FILE = Florist/Info.plist;
				LD_RUNPATH_SEARCH_PATHS = (
					"$(inherited)",
					"@executable_path/Frameworks",
				);
				PRODUCT_BUNDLE_IDENTIFIER = com.Statumllc.HWCocos2d.Florist;
				PRODUCT_NAME = "BedFord  Florist";
				SWIFT_VERSION = 4.0;
				TARGETED_DEVICE_FAMILY = "1,2";
			};
			name = Debug;
		};
		39983D9B20865B0100D95889 /* Release */ = {
			isa = XCBuildConfiguration;
			buildSettings = {
				ASSETCATALOG_COMPILER_APPICON_NAME = "AppIcon-1";
				CODE_SIGN_STYLE = Automatic;
				DEVELOPMENT_TEAM = PH7T2AY8WD;
				INFOPLIST_FILE = Florist/Info.plist;
				LD_RUNPATH_SEARCH_PATHS = (
					"$(inherited)",
					"@executable_path/Frameworks",
				);
				PRODUCT_BUNDLE_IDENTIFIER = com.Statumllc.HWCocos2d.Florist;
				PRODUCT_NAME = "BedFord  Florist";
				SWIFT_VERSION = 4.0;
				TARGETED_DEVICE_FAMILY = "1,2";
			};
			name = Release;
		};
/* End XCBuildConfiguration section */

/* Begin XCConfigurationList section */
		39983D8220865AFC00D95889 /* Build configuration list for PBXProject "Florist" */ = {
			isa = XCConfigurationList;
			buildConfigurations = (
				39983D9720865B0100D95889 /* Debug */,
				39983D9820865B0100D95889 /* Release */,
			);
			defaultConfigurationIsVisible = 0;
			defaultConfigurationName = Release;
		};
		39983D9920865B0100D95889 /* Build configuration list for PBXNativeTarget "Florist" */ = {
			isa = XCConfigurationList;
			buildConfigurations = (
				39983D9A20865B0100D95889 /* Debug */,
				39983D9B20865B0100D95889 /* Release */,
			);
			defaultConfigurationIsVisible = 0;
			defaultConfigurationName = Release;
		};
/* End XCConfigurationList section */
	};
	rootObject = 39983D7F20865AFC00D95889 /* Project object */;
}
