// !$*UTF8*$!
{
	archiveVersion = 1;
	classes = {
	};
	objectVersion = 48;
	objects = {

/* Begin PBXBuildFile section */
		39029578209E5CF00017832C /* SWRevealViewController.m in Sources */ = {isa = PBXBuildFile; fileRef = 39029576209E5CEF0017832C /* SWRevealViewController.m */; };
		3902957E209E62D90017832C /* chatVC.swift in Sources */ = {isa = PBXBuildFile; fileRef = 3902957D209E62D90017832C /* chatVC.swift */; };
		39029580209E62F20017832C /* ChannelVC.swift in Sources */ = {isa = PBXBuildFile; fileRef = 3902957F209E62F20017832C /* ChannelVC.swift */; };
		39029585209E93080017832C /* Constants.swift in Sources */ = {isa = PBXBuildFile; fileRef = 39029584209E93080017832C /* Constants.swift */; };
		39029587209EA3020017832C /* LoginVC.swift in Sources */ = {isa = PBXBuildFile; fileRef = 39029586209EA3020017832C /* LoginVC.swift */; };
		391D9A3120A38BD200D9E28D /* CreateAccountVC.swift in Sources */ = {isa = PBXBuildFile; fileRef = 391D9A3020A38BD200D9E28D /* CreateAccountVC.swift */; };
		394CFE4F209E5921008AA264 /* AppDelegate.swift in Sources */ = {isa = PBXBuildFile; fileRef = 394CFE4E209E5921008AA264 /* AppDelegate.swift */; };
		394CFE54209E5921008AA264 /* Main.storyboard in Resources */ = {isa = PBXBuildFile; fileRef = 394CFE52209E5921008AA264 /* Main.storyboard */; };
		394CFE56209E5924008AA264 /* Assets.xcassets in Resources */ = {isa = PBXBuildFile; fileRef = 394CFE55209E5924008AA264 /* Assets.xcassets */; };
		394CFE59209E5924008AA264 /* LaunchScreen.storyboard in Resources */ = {isa = PBXBuildFile; fileRef = 394CFE57209E5924008AA264 /* LaunchScreen.storyboard */; };
		39C6B51620A3BDEA00B5AC9D /* AuthService.swift in Sources */ = {isa = PBXBuildFile; fileRef = 39C6B51520A3BDEA00B5AC9D /* AuthService.swift */; };
		39C6B51820A3C67B00B5AC9D /* GradientView.swift in Sources */ = {isa = PBXBuildFile; fileRef = 39C6B51720A3C67B00B5AC9D /* GradientView.swift */; };
		39C6B51A20A3DFF400B5AC9D /* RoundedButton.swift in Sources */ = {isa = PBXBuildFile; fileRef = 39C6B51920A3DFF400B5AC9D /* RoundedButton.swift */; };
		39C6B51C20A4129400B5AC9D /* UserDataService.swift in Sources */ = {isa = PBXBuildFile; fileRef = 39C6B51B20A4129400B5AC9D /* UserDataService.swift */; };
		39C6B51E20A496DD00B5AC9D /* AvatarPickerVC.swift in Sources */ = {isa = PBXBuildFile; fileRef = 39C6B51D20A496DD00B5AC9D /* AvatarPickerVC.swift */; };
		39C6B52020A4A55800B5AC9D /* AvatarCell.swift in Sources */ = {isa = PBXBuildFile; fileRef = 39C6B51F20A4A55800B5AC9D /* AvatarCell.swift */; };
		39C6B52220A4C3D000B5AC9D /* CircleImage.swift in Sources */ = {isa = PBXBuildFile; fileRef = 39C6B52120A4C3D000B5AC9D /* CircleImage.swift */; };
		A41901E059B9BFAFFD87E324 /* Pods_BlueCN.framework in Frameworks */ = {isa = PBXBuildFile; fileRef = FD99E2093F64580FEEC13DB7 /* Pods_BlueCN.framework */; };
/* End PBXBuildFile section */

/* Begin PBXFileReference section */
		39029575209E5CEE0017832C /* BlueCN-Bridging-Header.h */ = {isa = PBXFileReference; lastKnownFileType = sourcecode.c.h; path = "BlueCN-Bridging-Header.h"; sourceTree = "<group>"; };
		39029576209E5CEF0017832C /* SWRevealViewController.m */ = {isa = PBXFileReference; fileEncoding = 4; lastKnownFileType = sourcecode.c.objc; path = SWRevealViewController.m; sourceTree = "<group>"; };
		39029577209E5CF00017832C /* SWRevealViewController.h */ = {isa = PBXFileReference; fileEncoding = 4; lastKnownFileType = sourcecode.c.h; path = SWRevealViewController.h; sourceTree = "<group>"; };
		3902957D209E62D90017832C /* chatVC.swift */ = {isa = PBXFileReference; lastKnownFileType = sourcecode.swift; path = chatVC.swift; sourceTree = "<group>"; };
		3902957F209E62F20017832C /* ChannelVC.swift */ = {isa = PBXFileReference; lastKnownFileType = sourcecode.swift; path = ChannelVC.swift; sourceTree = "<group>"; };
		39029584209E93080017832C /* Constants.swift */ = {isa = PBXFileReference; lastKnownFileType = sourcecode.swift; path = Constants.swift; sourceTree = "<group>"; };
		39029586209EA3020017832C /* LoginVC.swift */ = {isa = PBXFileReference; lastKnownFileType = sourcecode.swift; path = LoginVC.swift; sourceTree = "<group>"; };
		391D9A3020A38BD200D9E28D /* CreateAccountVC.swift */ = {isa = PBXFileReference; lastKnownFileType = sourcecode.swift; path = CreateAccountVC.swift; sourceTree = "<group>"; };
		394CFE4B209E5921008AA264 /* BlueCN.app */ = {isa = PBXFileReference; explicitFileType = wrapper.application; includeInIndex = 0; path = BlueCN.app; sourceTree = BUILT_PRODUCTS_DIR; };
		394CFE4E209E5921008AA264 /* AppDelegate.swift */ = {isa = PBXFileReference; lastKnownFileType = sourcecode.swift; path = AppDelegate.swift; sourceTree = "<group>"; };
		394CFE53209E5921008AA264 /* Base */ = {isa = PBXFileReference; lastKnownFileType = file.storyboard; name = Base; path = Base.lproj/Main.storyboard; sourceTree = "<group>"; };
		394CFE55209E5924008AA264 /* Assets.xcassets */ = {isa = PBXFileReference; lastKnownFileType = folder.assetcatalog; path = Assets.xcassets; sourceTree = "<group>"; };
		394CFE58209E5924008AA264 /* Base */ = {isa = PBXFileReference; lastKnownFileType = file.storyboard; name = Base; path = Base.lproj/LaunchScreen.storyboard; sourceTree = "<group>"; };
		394CFE5A209E5924008AA264 /* Info.plist */ = {isa = PBXFileReference; lastKnownFileType = text.plist.xml; path = Info.plist; sourceTree = "<group>"; };
		39C6B51520A3BDEA00B5AC9D /* AuthService.swift */ = {isa = PBXFileReference; lastKnownFileType = sourcecode.swift; path = AuthService.swift; sourceTree = "<group>"; };
		39C6B51720A3C67B00B5AC9D /* GradientView.swift */ = {isa = PBXFileReference; lastKnownFileType = sourcecode.swift; path = GradientView.swift; sourceTree = "<group>"; };
		39C6B51920A3DFF400B5AC9D /* RoundedButton.swift */ = {isa = PBXFileReference; lastKnownFileType = sourcecode.swift; path = RoundedButton.swift; sourceTree = "<group>"; };
		39C6B51B20A4129400B5AC9D /* UserDataService.swift */ = {isa = PBXFileReference; lastKnownFileType = sourcecode.swift; path = UserDataService.swift; sourceTree = "<group>"; };
		39C6B51D20A496DD00B5AC9D /* AvatarPickerVC.swift */ = {isa = PBXFileReference; lastKnownFileType = sourcecode.swift; path = AvatarPickerVC.swift; sourceTree = "<group>"; };
		39C6B51F20A4A55800B5AC9D /* AvatarCell.swift */ = {isa = PBXFileReference; lastKnownFileType = sourcecode.swift; path = AvatarCell.swift; sourceTree = "<group>"; };
		39C6B52120A4C3D000B5AC9D /* CircleImage.swift */ = {isa = PBXFileReference; lastKnownFileType = sourcecode.swift; path = CircleImage.swift; sourceTree = "<group>"; };
		639C198B113936C953AC35E0 /* Pods-BlueCN.debug.xcconfig */ = {isa = PBXFileReference; includeInIndex = 1; lastKnownFileType = text.xcconfig; name = "Pods-BlueCN.debug.xcconfig"; path = "Pods/Target Support Files/Pods-BlueCN/Pods-BlueCN.debug.xcconfig"; sourceTree = "<group>"; };
		9A31B50B2DECDA6861382FD4 /* Pods-BlueCN.release.xcconfig */ = {isa = PBXFileReference; includeInIndex = 1; lastKnownFileType = text.xcconfig; name = "Pods-BlueCN.release.xcconfig"; path = "Pods/Target Support Files/Pods-BlueCN/Pods-BlueCN.release.xcconfig"; sourceTree = "<group>"; };
		FD99E2093F64580FEEC13DB7 /* Pods_BlueCN.framework */ = {isa = PBXFileReference; explicitFileType = wrapper.framework; includeInIndex = 0; path = Pods_BlueCN.framework; sourceTree = BUILT_PRODUCTS_DIR; };
/* End PBXFileReference section */

/* Begin PBXFrameworksBuildPhase section */
		394CFE48209E5921008AA264 /* Frameworks */ = {
			isa = PBXFrameworksBuildPhase;
			buildActionMask = 2147483647;
			files = (
				A41901E059B9BFAFFD87E324 /* Pods_BlueCN.framework in Frameworks */,
			);
			runOnlyForDeploymentPostprocessing = 0;
		};
/* End PBXFrameworksBuildPhase section */

/* Begin PBXGroup section */
		2F6A414AE38161FEDB609B0A /* Frameworks */ = {
			isa = PBXGroup;
			children = (
				FD99E2093F64580FEEC13DB7 /* Pods_BlueCN.framework */,
			);
			name = Frameworks;
			sourceTree = "<group>";
		};
		39029579209E5D360017832C /* Supporting Files */ = {
			isa = PBXGroup;
			children = (
				39029576209E5CEF0017832C /* SWRevealViewController.m */,
				39029577209E5CF00017832C /* SWRevealViewController.h */,
			);
			path = "Supporting Files";
			sourceTree = "<group>";
		};
		3902957A209E62800017832C /* Controller */ = {
			isa = PBXGroup;
			children = (
				3902957D209E62D90017832C /* chatVC.swift */,
				3902957F209E62F20017832C /* ChannelVC.swift */,
				39029586209EA3020017832C /* LoginVC.swift */,
				391D9A3020A38BD200D9E28D /* CreateAccountVC.swift */,
				39C6B51D20A496DD00B5AC9D /* AvatarPickerVC.swift */,
			);
			path = Controller;
			sourceTree = "<group>";
		};
		3902957B209E628B0017832C /* View */ = {
			isa = PBXGroup;
			children = (
				39C6B51720A3C67B00B5AC9D /* GradientView.swift */,
				39C6B51920A3DFF400B5AC9D /* RoundedButton.swift */,
				39C6B51F20A4A55800B5AC9D /* AvatarCell.swift */,
				39C6B52120A4C3D000B5AC9D /* CircleImage.swift */,
			);
			path = View;
			sourceTree = "<group>";
		};
		3902957C209E62920017832C /* Model */ = {
			isa = PBXGroup;
			children = (
			);
			path = Model;
			sourceTree = "<group>";
		};
		39029583209E92DC0017832C /* Utilities */ = {
			isa = PBXGroup;
			children = (
				39029584209E93080017832C /* Constants.swift */,
			);
			path = Utilities;
			sourceTree = "<group>";
		};
		394CFE42209E5921008AA264 = {
			isa = PBXGroup;
			children = (
				394CFE4D209E5921008AA264 /* BlueCN */,
				394CFE4C209E5921008AA264 /* Products */,
				9D3E34CC716001E9CA56E0AA /* Pods */,
				2F6A414AE38161FEDB609B0A /* Frameworks */,
			);
			sourceTree = "<group>";
		};
		394CFE4C209E5921008AA264 /* Products */ = {
			isa = PBXGroup;
			children = (
				394CFE4B209E5921008AA264 /* BlueCN.app */,
			);
			name = Products;
			sourceTree = "<group>";
		};
		394CFE4D209E5921008AA264 /* BlueCN */ = {
			isa = PBXGroup;
			children = (
				39C6B51420A3BDC500B5AC9D /* Services */,
				39029583209E92DC0017832C /* Utilities */,
				3902957C209E62920017832C /* Model */,
				3902957B209E628B0017832C /* View */,
				3902957A209E62800017832C /* Controller */,
				39029575209E5CEE0017832C /* BlueCN-Bridging-Header.h */,
				39029579209E5D360017832C /* Supporting Files */,
				394CFE4E209E5921008AA264 /* AppDelegate.swift */,
				394CFE52209E5921008AA264 /* Main.storyboard */,
				394CFE55209E5924008AA264 /* Assets.xcassets */,
				394CFE57209E5924008AA264 /* LaunchScreen.storyboard */,
				394CFE5A209E5924008AA264 /* Info.plist */,
			);
			path = BlueCN;
			sourceTree = "<group>";
		};
		39C6B51420A3BDC500B5AC9D /* Services */ = {
			isa = PBXGroup;
			children = (
				39C6B51520A3BDEA00B5AC9D /* AuthService.swift */,
				39C6B51B20A4129400B5AC9D /* UserDataService.swift */,
			);
			path = Services;
			sourceTree = "<group>";
		};
		9D3E34CC716001E9CA56E0AA /* Pods */ = {
			isa = PBXGroup;
			children = (
				639C198B113936C953AC35E0 /* Pods-BlueCN.debug.xcconfig */,
				9A31B50B2DECDA6861382FD4 /* Pods-BlueCN.release.xcconfig */,
			);
			name = Pods;
			sourceTree = "<group>";
		};
/* End PBXGroup section */

/* Begin PBXNativeTarget section */
		394CFE4A209E5921008AA264 /* BlueCN */ = {
			isa = PBXNativeTarget;
			buildConfigurationList = 394CFE5D209E5924008AA264 /* Build configuration list for PBXNativeTarget "BlueCN" */;
			buildPhases = (
				F874FD6B432E7A4F67DE9662 /* [CP] Check Pods Manifest.lock */,
				394CFE47209E5921008AA264 /* Sources */,
				394CFE48209E5921008AA264 /* Frameworks */,
				394CFE49209E5921008AA264 /* Resources */,
				EC9A1D4F10F6955C1680F2D3 /* [CP] Embed Pods Frameworks */,
				3BFF1281A8A1B57E6C008115 /* [CP] Copy Pods Resources */,
			);
			buildRules = (
			);
			dependencies = (
			);
			name = BlueCN;
			productName = BlueCN;
			productReference = 394CFE4B209E5921008AA264 /* BlueCN.app */;
			productType = "com.apple.product-type.application";
		};
/* End PBXNativeTarget section */

/* Begin PBXProject section */
		394CFE43209E5921008AA264 /* Project object */ = {
			isa = PBXProject;
			attributes = {
				LastSwiftUpdateCheck = 0930;
				LastUpgradeCheck = 0930;
				ORGANIZATIONNAME = jldroidSwift25;
				TargetAttributes = {
					394CFE4A209E5921008AA264 = {
						CreatedOnToolsVersion = 9.3;
						LastSwiftMigration = 0930;
						ProvisioningStyle = Automatic;
					};
				};
			};
			buildConfigurationList = 394CFE46209E5921008AA264 /* Build configuration list for PBXProject "BlueCN" */;
			compatibilityVersion = "Xcode 8.0";
			developmentRegion = en;
			hasScannedForEncodings = 0;
			knownRegions = (
				en,
				Base,
			);
			mainGroup = 394CFE42209E5921008AA264;
			productRefGroup = 394CFE4C209E5921008AA264 /* Products */;
			projectDirPath = "";
			projectRoot = "";
			targets = (
				394CFE4A209E5921008AA264 /* BlueCN */,
			);
		};
/* End PBXProject section */

/* Begin PBXResourcesBuildPhase section */
		394CFE49209E5921008AA264 /* Resources */ = {
			isa = PBXResourcesBuildPhase;
			buildActionMask = 2147483647;
			files = (
				394CFE59209E5924008AA264 /* LaunchScreen.storyboard in Resources */,
				394CFE56209E5924008AA264 /* Assets.xcassets in Resources */,
				394CFE54209E5921008AA264 /* Main.storyboard in Resources */,
			);
			runOnlyForDeploymentPostprocessing = 0;
		};
/* End PBXResourcesBuildPhase section */

/* Begin PBXShellScriptBuildPhase section */
		3BFF1281A8A1B57E6C008115 /* [CP] Copy Pods Resources */ = {
			isa = PBXShellScriptBuildPhase;
			buildActionMask = 2147483647;
			files = (
			);
			inputPaths = (
			);
			name = "[CP] Copy Pods Resources";
			outputPaths = (
			);
			runOnlyForDeploymentPostprocessing = 0;
			shellPath = /bin/sh;
			shellScript = "\"${SRCROOT}/Pods/Target Support Files/Pods-BlueCN/Pods-BlueCN-resources.sh\"\n";
			showEnvVarsInLog = 0;
		};
		EC9A1D4F10F6955C1680F2D3 /* [CP] Embed Pods Frameworks */ = {
			isa = PBXShellScriptBuildPhase;
			buildActionMask = 2147483647;
			files = (
			);
			inputPaths = (
				"${SRCROOT}/Pods/Target Support Files/Pods-BlueCN/Pods-BlueCN-frameworks.sh",
				"${BUILT_PRODUCTS_DIR}/Alamofire/Alamofire.framework",
				"${BUILT_PRODUCTS_DIR}/Socket.IO-Client-Swift/SocketIO.framework",
				"${BUILT_PRODUCTS_DIR}/Starscream/Starscream.framework",
				"${BUILT_PRODUCTS_DIR}/SwiftyJSON/SwiftyJSON.framework",
			);
			name = "[CP] Embed Pods Frameworks";
			outputPaths = (
				"${TARGET_BUILD_DIR}/${FRAMEWORKS_FOLDER_PATH}/Alamofire.framework",
				"${TARGET_BUILD_DIR}/${FRAMEWORKS_FOLDER_PATH}/SocketIO.framework",
				"${TARGET_BUILD_DIR}/${FRAMEWORKS_FOLDER_PATH}/Starscream.framework",
				"${TARGET_BUILD_DIR}/${FRAMEWORKS_FOLDER_PATH}/SwiftyJSON.framework",
			);
			runOnlyForDeploymentPostprocessing = 0;
			shellPath = /bin/sh;
			shellScript = "\"${SRCROOT}/Pods/Target Support Files/Pods-BlueCN/Pods-BlueCN-frameworks.sh\"\n";
			showEnvVarsInLog = 0;
		};
		F874FD6B432E7A4F67DE9662 /* [CP] Check Pods Manifest.lock */ = {
			isa = PBXShellScriptBuildPhase;
			buildActionMask = 2147483647;
			files = (
			);
			inputPaths = (
				"${PODS_PODFILE_DIR_PATH}/Podfile.lock",
				"${PODS_ROOT}/Manifest.lock",
			);
			name = "[CP] Check Pods Manifest.lock";
			outputPaths = (
				"$(DERIVED_FILE_DIR)/Pods-BlueCN-checkManifestLockResult.txt",
			);
			runOnlyForDeploymentPostprocessing = 0;
			shellPath = /bin/sh;
			shellScript = "diff \"${PODS_PODFILE_DIR_PATH}/Podfile.lock\" \"${PODS_ROOT}/Manifest.lock\" > /dev/null\nif [ $? != 0 ] ; then\n    # print error to STDERR\n    echo \"error: The sandbox is not in sync with the Podfile.lock. Run 'pod install' or update your CocoaPods installation.\" >&2\n    exit 1\nfi\n# This output is used by Xcode 'outputs' to avoid re-running this script phase.\necho \"SUCCESS\" > \"${SCRIPT_OUTPUT_FILE_0}\"\n";
			showEnvVarsInLog = 0;
		};
/* End PBXShellScriptBuildPhase section */

/* Begin PBXSourcesBuildPhase section */
		394CFE47209E5921008AA264 /* Sources */ = {
			isa = PBXSourcesBuildPhase;
			buildActionMask = 2147483647;
			files = (
				39029580209E62F20017832C /* ChannelVC.swift in Sources */,
				39C6B51E20A496DD00B5AC9D /* AvatarPickerVC.swift in Sources */,
				39C6B51A20A3DFF400B5AC9D /* RoundedButton.swift in Sources */,
				39C6B52220A4C3D000B5AC9D /* CircleImage.swift in Sources */,
				394CFE4F209E5921008AA264 /* AppDelegate.swift in Sources */,
				39C6B51C20A4129400B5AC9D /* UserDataService.swift in Sources */,
				391D9A3120A38BD200D9E28D /* CreateAccountVC.swift in Sources */,
				39C6B51620A3BDEA00B5AC9D /* AuthService.swift in Sources */,
				39029587209EA3020017832C /* LoginVC.swift in Sources */,
				3902957E209E62D90017832C /* chatVC.swift in Sources */,
				39C6B52020A4A55800B5AC9D /* AvatarCell.swift in Sources */,
				39029578209E5CF00017832C /* SWRevealViewController.m in Sources */,
				39029585209E93080017832C /* Constants.swift in Sources */,
				39C6B51820A3C67B00B5AC9D /* GradientView.swift in Sources */,
			);
			runOnlyForDeploymentPostprocessing = 0;
		};
/* End PBXSourcesBuildPhase section */

/* Begin PBXVariantGroup section */
		394CFE52209E5921008AA264 /* Main.storyboard */ = {
			isa = PBXVariantGroup;
			children = (
				394CFE53209E5921008AA264 /* Base */,
			);
			name = Main.storyboard;
			sourceTree = "<group>";
		};
		394CFE57209E5924008AA264 /* LaunchScreen.storyboard */ = {
			isa = PBXVariantGroup;
			children = (
				394CFE58209E5924008AA264 /* Base */,
			);
			name = LaunchScreen.storyboard;
			sourceTree = "<group>";
		};
/* End PBXVariantGroup section */

/* Begin XCBuildConfiguration section */
		394CFE5B209E5924008AA264 /* Debug */ = {
			isa = XCBuildConfiguration;
			buildSettings = {
				ALWAYS_SEARCH_USER_PATHS = NO;
				CLANG_ANALYZER_NONNULL = YES;
				CLANG_ANALYZER_NUMBER_OBJECT_CONVERSION = YES_AGGRESSIVE;
				CLANG_CXX_LANGUAGE_STANDARD = "gnu++14";
				CLANG_CXX_LIBRARY = "libc++";
				CLANG_ENABLE_MODULES = YES;
				CLANG_ENABLE_OBJC_ARC = YES;
				CLANG_ENABLE_OBJC_WEAK = YES;
				CLANG_WARN_BLOCK_CAPTURE_AUTORELEASING = YES;
				CLANG_WARN_BOOL_CONVERSION = YES;
				CLANG_WARN_COMMA = YES;
				CLANG_WARN_CONSTANT_CONVERSION = YES;
				CLANG_WARN_DEPRECATED_OBJC_IMPLEMENTATIONS = YES;
				CLANG_WARN_DIRECT_OBJC_ISA_USAGE = YES_ERROR;
				CLANG_WARN_DOCUMENTATION_COMMENTS = YES;
				CLANG_WARN_EMPTY_BODY = YES;
				CLANG_WARN_ENUM_CONVERSION = YES;
				CLANG_WARN_INFINITE_RECURSION = YES;
				CLANG_WARN_INT_CONVERSION = YES;
				CLANG_WARN_NON_LITERAL_NULL_CONVERSION = YES;
				CLANG_WARN_OBJC_IMPLICIT_RETAIN_SELF = YES;
				CLANG_WARN_OBJC_LITERAL_CONVERSION = YES;
				CLANG_WARN_OBJC_ROOT_CLASS = YES_ERROR;
				CLANG_WARN_RANGE_LOOP_ANALYSIS = YES;
				CLANG_WARN_STRICT_PROTOTYPES = YES;
				CLANG_WARN_SUSPICIOUS_MOVE = YES;
				CLANG_WARN_UNGUARDED_AVAILABILITY = YES_AGGRESSIVE;
				CLANG_WARN_UNREACHABLE_CODE = YES;
				CLANG_WARN__DUPLICATE_METHOD_MATCH = YES;
				CODE_SIGN_IDENTITY = "iPhone Developer";
				COPY_PHASE_STRIP = NO;
				DEBUG_INFORMATION_FORMAT = dwarf;
				ENABLE_STRICT_OBJC_MSGSEND = YES;
				ENABLE_TESTABILITY = YES;
				GCC_C_LANGUAGE_STANDARD = gnu11;
				GCC_DYNAMIC_NO_PIC = NO;
				GCC_NO_COMMON_BLOCKS = YES;
				GCC_OPTIMIZATION_LEVEL = 0;
				GCC_PREPROCESSOR_DEFINITIONS = (
					"DEBUG=1",
					"$(inherited)",
				);
				GCC_WARN_64_TO_32_BIT_CONVERSION = YES;
				GCC_WARN_ABOUT_RETURN_TYPE = YES_ERROR;
				GCC_WARN_UNDECLARED_SELECTOR = YES;
				GCC_WARN_UNINITIALIZED_AUTOS = YES_AGGRESSIVE;
				GCC_WARN_UNUSED_FUNCTION = YES;
				GCC_WARN_UNUSED_VARIABLE = YES;
				IPHONEOS_DEPLOYMENT_TARGET = 11.3;
				MTL_ENABLE_DEBUG_INFO = YES;
				ONLY_ACTIVE_ARCH = YES;
				SDKROOT = iphoneos;
				SWIFT_ACTIVE_COMPILATION_CONDITIONS = DEBUG;
				SWIFT_OPTIMIZATION_LEVEL = "-Onone";
			};
			name = Debug;
		};
		394CFE5C209E5924008AA264 /* Release */ = {
			isa = XCBuildConfiguration;
			buildSettings = {
				ALWAYS_SEARCH_USER_PATHS = NO;
				CLANG_ANALYZER_NONNULL = YES;
				CLANG_ANALYZER_NUMBER_OBJECT_CONVERSION = YES_AGGRESSIVE;
				CLANG_CXX_LANGUAGE_STANDARD = "gnu++14";
				CLANG_CXX_LIBRARY = "libc++";
				CLANG_ENABLE_MODULES = YES;
				CLANG_ENABLE_OBJC_ARC = YES;
				CLANG_ENABLE_OBJC_WEAK = YES;
				CLANG_WARN_BLOCK_CAPTURE_AUTORELEASING = YES;
				CLANG_WARN_BOOL_CONVERSION = YES;
				CLANG_WARN_COMMA = YES;
				CLANG_WARN_CONSTANT_CONVERSION = YES;
				CLANG_WARN_DEPRECATED_OBJC_IMPLEMENTATIONS = YES;
				CLANG_WARN_DIRECT_OBJC_ISA_USAGE = YES_ERROR;
				CLANG_WARN_DOCUMENTATION_COMMENTS = YES;
				CLANG_WARN_EMPTY_BODY = YES;
				CLANG_WARN_ENUM_CONVERSION = YES;
				CLANG_WARN_INFINITE_RECURSION = YES;
				CLANG_WARN_INT_CONVERSION = YES;
				CLANG_WARN_NON_LITERAL_NULL_CONVERSION = YES;
				CLANG_WARN_OBJC_IMPLICIT_RETAIN_SELF = YES;
				CLANG_WARN_OBJC_LITERAL_CONVERSION = YES;
				CLANG_WARN_OBJC_ROOT_CLASS = YES_ERROR;
				CLANG_WARN_RANGE_LOOP_ANALYSIS = YES;
				CLANG_WARN_STRICT_PROTOTYPES = YES;
				CLANG_WARN_SUSPICIOUS_MOVE = YES;
				CLANG_WARN_UNGUARDED_AVAILABILITY = YES_AGGRESSIVE;
				CLANG_WARN_UNREACHABLE_CODE = YES;
				CLANG_WARN__DUPLICATE_METHOD_MATCH = YES;
				CODE_SIGN_IDENTITY = "iPhone Developer";
				COPY_PHASE_STRIP = NO;
				DEBUG_INFORMATION_FORMAT = "dwarf-with-dsym";
				ENABLE_NS_ASSERTIONS = NO;
				ENABLE_STRICT_OBJC_MSGSEND = YES;
				GCC_C_LANGUAGE_STANDARD = gnu11;
				GCC_NO_COMMON_BLOCKS = YES;
				GCC_WARN_64_TO_32_BIT_CONVERSION = YES;
				GCC_WARN_ABOUT_RETURN_TYPE = YES_ERROR;
				GCC_WARN_UNDECLARED_SELECTOR = YES;
				GCC_WARN_UNINITIALIZED_AUTOS = YES_AGGRESSIVE;
				GCC_WARN_UNUSED_FUNCTION = YES;
				GCC_WARN_UNUSED_VARIABLE = YES;
				IPHONEOS_DEPLOYMENT_TARGET = 11.3;
				MTL_ENABLE_DEBUG_INFO = NO;
				SDKROOT = iphoneos;
				SWIFT_OPTIMIZATION_LEVEL = "-Owholemodule";
				VALIDATE_PRODUCT = YES;
			};
			name = Release;
		};
		394CFE5E209E5924008AA264 /* Debug */ = {
			isa = XCBuildConfiguration;
			baseConfigurationReference = 639C198B113936C953AC35E0 /* Pods-BlueCN.debug.xcconfig */;
			buildSettings = {
				ASSETCATALOG_COMPILER_APPICON_NAME = AppIcon;
				CLANG_ENABLE_MODULES = YES;
				CODE_SIGN_STYLE = Automatic;
				DEVELOPMENT_TEAM = PH7T2AY8WD;
				INFOPLIST_FILE = BlueCN/Info.plist;
				LD_RUNPATH_SEARCH_PATHS = "$(inherited) @executable_path/Frameworks";
				PRODUCT_BUNDLE_IDENTIFIER = com.Statumllc.HWCocos2d.BlueCN;
				PRODUCT_NAME = "$(TARGET_NAME)";
				SWIFT_OBJC_BRIDGING_HEADER = "BlueCN/BlueCN-Bridging-Header.h";
				SWIFT_OPTIMIZATION_LEVEL = "-Onone";
				SWIFT_VERSION = 4.0;
				TARGETED_DEVICE_FAMILY = "1,2";
			};
			name = Debug;
		};
		394CFE5F209E5924008AA264 /* Release */ = {
			isa = XCBuildConfiguration;
			baseConfigurationReference = 9A31B50B2DECDA6861382FD4 /* Pods-BlueCN.release.xcconfig */;
			buildSettings = {
				ASSETCATALOG_COMPILER_APPICON_NAME = AppIcon;
				CLANG_ENABLE_MODULES = YES;
				CODE_SIGN_STYLE = Automatic;
				DEVELOPMENT_TEAM = PH7T2AY8WD;
				INFOPLIST_FILE = BlueCN/Info.plist;
				LD_RUNPATH_SEARCH_PATHS = "$(inherited) @executable_path/Frameworks";
				PRODUCT_BUNDLE_IDENTIFIER = com.Statumllc.HWCocos2d.BlueCN;
				PRODUCT_NAME = "$(TARGET_NAME)";
				SWIFT_OBJC_BRIDGING_HEADER = "BlueCN/BlueCN-Bridging-Header.h";
				SWIFT_VERSION = 4.0;
				TARGETED_DEVICE_FAMILY = "1,2";
			};
			name = Release;
		};
/* End XCBuildConfiguration section */

/* Begin XCConfigurationList section */
		394CFE46209E5921008AA264 /* Build configuration list for PBXProject "BlueCN" */ = {
			isa = XCConfigurationList;
			buildConfigurations = (
				394CFE5B209E5924008AA264 /* Debug */,
				394CFE5C209E5924008AA264 /* Release */,
			);
			defaultConfigurationIsVisible = 0;
			defaultConfigurationName = Release;
		};
		394CFE5D209E5924008AA264 /* Build configuration list for PBXNativeTarget "BlueCN" */ = {
			isa = XCConfigurationList;
			buildConfigurations = (
				394CFE5E209E5924008AA264 /* Debug */,
				394CFE5F209E5924008AA264 /* Release */,
			);
			defaultConfigurationIsVisible = 0;
			defaultConfigurationName = Release;
		};
/* End XCConfigurationList section */
	};
	rootObject = 394CFE43209E5921008AA264 /* Project object */;
}
