// !$*UTF8*$!
{
	archiveVersion = 1;
	classes = {
	};
	objectVersion = 50;
	objects = {

/* Begin PBXBuildFile section */
		391861F22092863F00847D8B /* Window_ShopperTests.swift in Sources */ = {isa = PBXBuildFile; fileRef = 391861F12092863F00847D8B /* Window_ShopperTests.swift */; };
		391861FB2092883000847D8B /* Wage.swift in Sources */ = {isa = PBXBuildFile; fileRef = 391861FA2092883000847D8B /* Wage.swift */; };
		391861FC20928A4400847D8B /* Wage.swift in Sources */ = {isa = PBXBuildFile; fileRef = 391861FA2092883000847D8B /* Wage.swift */; };
		3979C39D20915AE400892E55 /* AppDelegate.swift in Sources */ = {isa = PBXBuildFile; fileRef = 3979C39C20915AE400892E55 /* AppDelegate.swift */; };
		3979C39F20915AE400892E55 /* MainVC.swift in Sources */ = {isa = PBXBuildFile; fileRef = 3979C39E20915AE400892E55 /* MainVC.swift */; };
		3979C3A220915AE400892E55 /* Main.storyboard in Resources */ = {isa = PBXBuildFile; fileRef = 3979C3A020915AE400892E55 /* Main.storyboard */; };
		3979C3A420915AF000892E55 /* Assets.xcassets in Resources */ = {isa = PBXBuildFile; fileRef = 3979C3A320915AF000892E55 /* Assets.xcassets */; };
		3979C3A720915AF000892E55 /* LaunchScreen.storyboard in Resources */ = {isa = PBXBuildFile; fileRef = 3979C3A520915AF000892E55 /* LaunchScreen.storyboard */; };
		3979C3B120915DA600892E55 /* CurrencyTxtField.swift in Sources */ = {isa = PBXBuildFile; fileRef = 3979C3B020915DA600892E55 /* CurrencyTxtField.swift */; };
/* End PBXBuildFile section */

/* Begin PBXContainerItemProxy section */
		391861F42092863F00847D8B /* PBXContainerItemProxy */ = {
			isa = PBXContainerItemProxy;
			containerPortal = 3979C39120915AE400892E55 /* Project object */;
			proxyType = 1;
			remoteGlobalIDString = 3979C39820915AE400892E55;
			remoteInfo = "Window Shopper";
		};
/* End PBXContainerItemProxy section */

/* Begin PBXFileReference section */
		391861EF2092863E00847D8B /* Window ShopperTests.xctest */ = {isa = PBXFileReference; explicitFileType = wrapper.cfbundle; includeInIndex = 0; path = "Window ShopperTests.xctest"; sourceTree = BUILT_PRODUCTS_DIR; };
		391861F12092863F00847D8B /* Window_ShopperTests.swift */ = {isa = PBXFileReference; lastKnownFileType = sourcecode.swift; path = Window_ShopperTests.swift; sourceTree = "<group>"; };
		391861F32092863F00847D8B /* Info.plist */ = {isa = PBXFileReference; lastKnownFileType = text.plist.xml; path = Info.plist; sourceTree = "<group>"; };
		391861FA2092883000847D8B /* Wage.swift */ = {isa = PBXFileReference; lastKnownFileType = sourcecode.swift; path = Wage.swift; sourceTree = "<group>"; };
		3979C39920915AE400892E55 /* Window Shopper.app */ = {isa = PBXFileReference; explicitFileType = wrapper.application; includeInIndex = 0; path = "Window Shopper.app"; sourceTree = BUILT_PRODUCTS_DIR; };
		3979C39C20915AE400892E55 /* AppDelegate.swift */ = {isa = PBXFileReference; lastKnownFileType = sourcecode.swift; path = AppDelegate.swift; sourceTree = "<group>"; };
		3979C39E20915AE400892E55 /* MainVC.swift */ = {isa = PBXFileReference; lastKnownFileType = sourcecode.swift; path = MainVC.swift; sourceTree = "<group>"; };
		3979C3A120915AE400892E55 /* Base */ = {isa = PBXFileReference; lastKnownFileType = file.storyboard; name = Base; path = Base.lproj/Main.storyboard; sourceTree = "<group>"; };
		3979C3A320915AF000892E55 /* Assets.xcassets */ = {isa = PBXFileReference; lastKnownFileType = folder.assetcatalog; path = Assets.xcassets; sourceTree = "<group>"; };
		3979C3A620915AF000892E55 /* Base */ = {isa = PBXFileReference; lastKnownFileType = file.storyboard; name = Base; path = Base.lproj/LaunchScreen.storyboard; sourceTree = "<group>"; };
		3979C3A820915AF000892E55 /* Info.plist */ = {isa = PBXFileReference; lastKnownFileType = text.plist.xml; path = Info.plist; sourceTree = "<group>"; };
		3979C3B020915DA600892E55 /* CurrencyTxtField.swift */ = {isa = PBXFileReference; lastKnownFileType = sourcecode.swift; path = CurrencyTxtField.swift; sourceTree = "<group>"; };
/* End PBXFileReference section */

/* Begin PBXFrameworksBuildPhase section */
		391861EC2092863E00847D8B /* Frameworks */ = {
			isa = PBXFrameworksBuildPhase;
			buildActionMask = 2147483647;
			files = (
			);
			runOnlyForDeploymentPostprocessing = 0;
		};
		3979C39620915AE400892E55 /* Frameworks */ = {
			isa = PBXFrameworksBuildPhase;
			buildActionMask = 2147483647;
			files = (
			);
			runOnlyForDeploymentPostprocessing = 0;
		};
/* End PBXFrameworksBuildPhase section */

/* Begin PBXGroup section */
		391861F02092863E00847D8B /* Window ShopperTests */ = {
			isa = PBXGroup;
			children = (
				391861F12092863F00847D8B /* Window_ShopperTests.swift */,
				391861F32092863F00847D8B /* Info.plist */,
			);
			path = "Window ShopperTests";
			sourceTree = "<group>";
		};
		391861F92092881600847D8B /* Model */ = {
			isa = PBXGroup;
			children = (
				391861FA2092883000847D8B /* Wage.swift */,
			);
			path = Model;
			sourceTree = "<group>";
		};
		3979C39020915AE400892E55 = {
			isa = PBXGroup;
			children = (
				3979C39B20915AE400892E55 /* Window Shopper */,
				391861F02092863E00847D8B /* Window ShopperTests */,
				3979C39A20915AE400892E55 /* Products */,
			);
			sourceTree = "<group>";
		};
		3979C39A20915AE400892E55 /* Products */ = {
			isa = PBXGroup;
			children = (
				3979C39920915AE400892E55 /* Window Shopper.app */,
				391861EF2092863E00847D8B /* Window ShopperTests.xctest */,
			);
			name = Products;
			sourceTree = "<group>";
		};
		3979C39B20915AE400892E55 /* Window Shopper */ = {
			isa = PBXGroup;
			children = (
				391861F92092881600847D8B /* Model */,
				3979C3AF20915D6500892E55 /* Views */,
				3979C3AE20915BA000892E55 /* Controller */,
				3979C39C20915AE400892E55 /* AppDelegate.swift */,
				3979C3A020915AE400892E55 /* Main.storyboard */,
				3979C3A320915AF000892E55 /* Assets.xcassets */,
				3979C3A520915AF000892E55 /* LaunchScreen.storyboard */,
				3979C3A820915AF000892E55 /* Info.plist */,
			);
			path = "Window Shopper";
			sourceTree = "<group>";
		};
		3979C3AE20915BA000892E55 /* Controller */ = {
			isa = PBXGroup;
			children = (
				3979C39E20915AE400892E55 /* MainVC.swift */,
			);
			path = Controller;
			sourceTree = "<group>";
		};
		3979C3AF20915D6500892E55 /* Views */ = {
			isa = PBXGroup;
			children = (
				3979C3B020915DA600892E55 /* CurrencyTxtField.swift */,
			);
			path = Views;
			sourceTree = "<group>";
		};
/* End PBXGroup section */

/* Begin PBXNativeTarget section */
		391861EE2092863E00847D8B /* Window ShopperTests */ = {
			isa = PBXNativeTarget;
			buildConfigurationList = 391861F82092863F00847D8B /* Build configuration list for PBXNativeTarget "Window ShopperTests" */;
			buildPhases = (
				391861EB2092863E00847D8B /* Sources */,
				391861EC2092863E00847D8B /* Frameworks */,
				391861ED2092863E00847D8B /* Resources */,
			);
			buildRules = (
			);
			dependencies = (
				391861F52092863F00847D8B /* PBXTargetDependency */,
			);
			name = "Window ShopperTests";
			productName = "Window ShopperTests";
			productReference = 391861EF2092863E00847D8B /* Window ShopperTests.xctest */;
			productType = "com.apple.product-type.bundle.unit-test";
		};
		3979C39820915AE400892E55 /* Window Shopper */ = {
			isa = PBXNativeTarget;
			buildConfigurationList = 3979C3AB20915AF000892E55 /* Build configuration list for PBXNativeTarget "Window Shopper" */;
			buildPhases = (
				3979C39520915AE400892E55 /* Sources */,
				3979C39620915AE400892E55 /* Frameworks */,
				3979C39720915AE400892E55 /* Resources */,
			);
			buildRules = (
			);
			dependencies = (
			);
			name = "Window Shopper";
			productName = "Window Shopper";
			productReference = 3979C39920915AE400892E55 /* Window Shopper.app */;
			productType = "com.apple.product-type.application";
		};
/* End PBXNativeTarget section */

/* Begin PBXProject section */
		3979C39120915AE400892E55 /* Project object */ = {
			isa = PBXProject;
			attributes = {
				LastSwiftUpdateCheck = 0930;
				LastUpgradeCheck = 0930;
				ORGANIZATIONNAME = jldroidSwift25;
				TargetAttributes = {
					391861EE2092863E00847D8B = {
						CreatedOnToolsVersion = 9.3;
						TestTargetID = 3979C39820915AE400892E55;
					};
					3979C39820915AE400892E55 = {
						CreatedOnToolsVersion = 9.3;
					};
				};
			};
			buildConfigurationList = 3979C39420915AE400892E55 /* Build configuration list for PBXProject "Window Shopper" */;
			compatibilityVersion = "Xcode 9.3";
			developmentRegion = en;
			hasScannedForEncodings = 0;
			knownRegions = (
				en,
				Base,
			);
			mainGroup = 3979C39020915AE400892E55;
			productRefGroup = 3979C39A20915AE400892E55 /* Products */;
			projectDirPath = "";
			projectRoot = "";
			targets = (
				3979C39820915AE400892E55 /* Window Shopper */,
				391861EE2092863E00847D8B /* Window ShopperTests */,
			);
		};
/* End PBXProject section */

/* Begin PBXResourcesBuildPhase section */
		391861ED2092863E00847D8B /* Resources */ = {
			isa = PBXResourcesBuildPhase;
			buildActionMask = 2147483647;
			files = (
			);
			runOnlyForDeploymentPostprocessing = 0;
		};
		3979C39720915AE400892E55 /* Resources */ = {
			isa = PBXResourcesBuildPhase;
			buildActionMask = 2147483647;
			files = (
				3979C3A720915AF000892E55 /* LaunchScreen.storyboard in Resources */,
				3979C3A420915AF000892E55 /* Assets.xcassets in Resources */,
				3979C3A220915AE400892E55 /* Main.storyboard in Resources */,
			);
			runOnlyForDeploymentPostprocessing = 0;
		};
/* End PBXResourcesBuildPhase section */

/* Begin PBXSourcesBuildPhase section */
		391861EB2092863E00847D8B /* Sources */ = {
			isa = PBXSourcesBuildPhase;
			buildActionMask = 2147483647;
			files = (
				391861F22092863F00847D8B /* Window_ShopperTests.swift in Sources */,
				391861FC20928A4400847D8B /* Wage.swift in Sources */,
			);
			runOnlyForDeploymentPostprocessing = 0;
		};
		3979C39520915AE400892E55 /* Sources */ = {
			isa = PBXSourcesBuildPhase;
			buildActionMask = 2147483647;
			files = (
				3979C3B120915DA600892E55 /* CurrencyTxtField.swift in Sources */,
				391861FB2092883000847D8B /* Wage.swift in Sources */,
				3979C39F20915AE400892E55 /* MainVC.swift in Sources */,
				3979C39D20915AE400892E55 /* AppDelegate.swift in Sources */,
			);
			runOnlyForDeploymentPostprocessing = 0;
		};
/* End PBXSourcesBuildPhase section */

/* Begin PBXTargetDependency section */
		391861F52092863F00847D8B /* PBXTargetDependency */ = {
			isa = PBXTargetDependency;
			target = 3979C39820915AE400892E55 /* Window Shopper */;
			targetProxy = 391861F42092863F00847D8B /* PBXContainerItemProxy */;
		};
/* End PBXTargetDependency section */

/* Begin PBXVariantGroup section */
		3979C3A020915AE400892E55 /* Main.storyboard */ = {
			isa = PBXVariantGroup;
			children = (
				3979C3A120915AE400892E55 /* Base */,
			);
			name = Main.storyboard;
			sourceTree = "<group>";
		};
		3979C3A520915AF000892E55 /* LaunchScreen.storyboard */ = {
			isa = PBXVariantGroup;
			children = (
				3979C3A620915AF000892E55 /* Base */,
			);
			name = LaunchScreen.storyboard;
			sourceTree = "<group>";
		};
/* End PBXVariantGroup section */

/* Begin XCBuildConfiguration section */
		391861F62092863F00847D8B /* Debug */ = {
			isa = XCBuildConfiguration;
			buildSettings = {
				BUNDLE_LOADER = "$(TEST_HOST)";
				CODE_SIGN_STYLE = Automatic;
				DEVELOPMENT_TEAM = PH7T2AY8WD;
				INFOPLIST_FILE = "Window ShopperTests/Info.plist";
				LD_RUNPATH_SEARCH_PATHS = (
					"$(inherited)",
					"@executable_path/Frameworks",
					"@loader_path/Frameworks",
				);
				PRODUCT_BUNDLE_IDENTIFIER = "com.Statumllc.HWCocos2d.Window-ShopperTests";
				PRODUCT_NAME = "$(TARGET_NAME)";
				SWIFT_VERSION = 4.0;
				TARGETED_DEVICE_FAMILY = "1,2";
				TEST_HOST = "$(BUILT_PRODUCTS_DIR)/Window Shopper.app/Window Shopper";
			};
			name = Debug;
		};
		391861F72092863F00847D8B /* Release */ = {
			isa = XCBuildConfiguration;
			buildSettings = {
				BUNDLE_LOADER = "$(TEST_HOST)";
				CODE_SIGN_STYLE = Automatic;
				DEVELOPMENT_TEAM = PH7T2AY8WD;
				INFOPLIST_FILE = "Window ShopperTests/Info.plist";
				LD_RUNPATH_SEARCH_PATHS = (
					"$(inherited)",
					"@executable_path/Frameworks",
					"@loader_path/Frameworks",
				);
				PRODUCT_BUNDLE_IDENTIFIER = "com.Statumllc.HWCocos2d.Window-ShopperTests";
				PRODUCT_NAME = "$(TARGET_NAME)";
				SWIFT_VERSION = 4.0;
				TARGETED_DEVICE_FAMILY = "1,2";
				TEST_HOST = "$(BUILT_PRODUCTS_DIR)/Window Shopper.app/Window Shopper";
			};
			name = Release;
		};
		3979C3A920915AF000892E55 /* Debug */ = {
			isa = XCBuildConfiguration;
			buildSettings = {
				ALWAYS_SEARCH_USER_PATHS = NO;
				CLANG_ANALYZER_NONNULL = YES;
				CLANG_ANALYZER_NUMBER_OBJECT_CONVERSION = YES_AGGRESSIVE;
				CLANG_CXX_LANGUAGE_STANDARD = "gnu++14";
				CLANG_CXX_LIBRARY = "libc++";
				CLANG_ENABLE_MODULES = YES;
				CLANG_ENABLE_OBJC_ARC = YES;
				CLANG_ENABLE_OBJC_WEAK = YES;
				CLANG_WARN_BLOCK_CAPTURE_AUTORELEASING = YES;
				CLANG_WARN_BOOL_CONVERSION = YES;
				CLANG_WARN_COMMA = YES;
				CLANG_WARN_CONSTANT_CONVERSION = YES;
				CLANG_WARN_DEPRECATED_OBJC_IMPLEMENTATIONS = YES;
				CLANG_WARN_DIRECT_OBJC_ISA_USAGE = YES_ERROR;
				CLANG_WARN_DOCUMENTATION_COMMENTS = YES;
				CLANG_WARN_EMPTY_BODY = YES;
				CLANG_WARN_ENUM_CONVERSION = YES;
				CLANG_WARN_INFINITE_RECURSION = YES;
				CLANG_WARN_INT_CONVERSION = YES;
				CLANG_WARN_NON_LITERAL_NULL_CONVERSION = YES;
				CLANG_WARN_OBJC_IMPLICIT_RETAIN_SELF = YES;
				CLANG_WARN_OBJC_LITERAL_CONVERSION = YES;
				CLANG_WARN_OBJC_ROOT_CLASS = YES_ERROR;
				CLANG_WARN_RANGE_LOOP_ANALYSIS = YES;
				CLANG_WARN_STRICT_PROTOTYPES = YES;
				CLANG_WARN_SUSPICIOUS_MOVE = YES;
				CLANG_WARN_UNGUARDED_AVAILABILITY = YES_AGGRESSIVE;
				CLANG_WARN_UNREACHABLE_CODE = YES;
				CLANG_WARN__DUPLICATE_METHOD_MATCH = YES;
				CODE_SIGN_IDENTITY = "iPhone Developer";
				COPY_PHASE_STRIP = NO;
				DEBUG_INFORMATION_FORMAT = dwarf;
				ENABLE_STRICT_OBJC_MSGSEND = YES;
				ENABLE_TESTABILITY = YES;
				GCC_C_LANGUAGE_STANDARD = gnu11;
				GCC_DYNAMIC_NO_PIC = NO;
				GCC_NO_COMMON_BLOCKS = YES;
				GCC_OPTIMIZATION_LEVEL = 0;
				GCC_PREPROCESSOR_DEFINITIONS = (
					"DEBUG=1",
					"$(inherited)",
				);
				GCC_WARN_64_TO_32_BIT_CONVERSION = YES;
				GCC_WARN_ABOUT_RETURN_TYPE = YES_ERROR;
				GCC_WARN_UNDECLARED_SELECTOR = YES;
				GCC_WARN_UNINITIALIZED_AUTOS = YES_AGGRESSIVE;
				GCC_WARN_UNUSED_FUNCTION = YES;
				GCC_WARN_UNUSED_VARIABLE = YES;
				IPHONEOS_DEPLOYMENT_TARGET = 11.3;
				MTL_ENABLE_DEBUG_INFO = YES;
				ONLY_ACTIVE_ARCH = YES;
				SDKROOT = iphoneos;
				SWIFT_ACTIVE_COMPILATION_CONDITIONS = DEBUG;
				SWIFT_OPTIMIZATION_LEVEL = "-Onone";
			};
			name = Debug;
		};
		3979C3AA20915AF000892E55 /* Release */ = {
			isa = XCBuildConfiguration;
			buildSettings = {
				ALWAYS_SEARCH_USER_PATHS = NO;
				CLANG_ANALYZER_NONNULL = YES;
				CLANG_ANALYZER_NUMBER_OBJECT_CONVERSION = YES_AGGRESSIVE;
				CLANG_CXX_LANGUAGE_STANDARD = "gnu++14";
				CLANG_CXX_LIBRARY = "libc++";
				CLANG_ENABLE_MODULES = YES;
				CLANG_ENABLE_OBJC_ARC = YES;
				CLANG_ENABLE_OBJC_WEAK = YES;
				CLANG_WARN_BLOCK_CAPTURE_AUTORELEASING = YES;
				CLANG_WARN_BOOL_CONVERSION = YES;
				CLANG_WARN_COMMA = YES;
				CLANG_WARN_CONSTANT_CONVERSION = YES;
				CLANG_WARN_DEPRECATED_OBJC_IMPLEMENTATIONS = YES;
				CLANG_WARN_DIRECT_OBJC_ISA_USAGE = YES_ERROR;
				CLANG_WARN_DOCUMENTATION_COMMENTS = YES;
				CLANG_WARN_EMPTY_BODY = YES;
				CLANG_WARN_ENUM_CONVERSION = YES;
				CLANG_WARN_INFINITE_RECURSION = YES;
				CLANG_WARN_INT_CONVERSION = YES;
				CLANG_WARN_NON_LITERAL_NULL_CONVERSION = YES;
				CLANG_WARN_OBJC_IMPLICIT_RETAIN_SELF = YES;
				CLANG_WARN_OBJC_LITERAL_CONVERSION = YES;
				CLANG_WARN_OBJC_ROOT_CLASS = YES_ERROR;
				CLANG_WARN_RANGE_LOOP_ANALYSIS = YES;
				CLANG_WARN_STRICT_PROTOTYPES = YES;
				CLANG_WARN_SUSPICIOUS_MOVE = YES;
				CLANG_WARN_UNGUARDED_AVAILABILITY = YES_AGGRESSIVE;
				CLANG_WARN_UNREACHABLE_CODE = YES;
				CLANG_WARN__DUPLICATE_METHOD_MATCH = YES;
				CODE_SIGN_IDENTITY = "iPhone Developer";
				COPY_PHASE_STRIP = NO;
				DEBUG_INFORMATION_FORMAT = "dwarf-with-dsym";
				ENABLE_NS_ASSERTIONS = NO;
				ENABLE_STRICT_OBJC_MSGSEND = YES;
				GCC_C_LANGUAGE_STANDARD = gnu11;
				GCC_NO_COMMON_BLOCKS = YES;
				GCC_WARN_64_TO_32_BIT_CONVERSION = YES;
				GCC_WARN_ABOUT_RETURN_TYPE = YES_ERROR;
				GCC_WARN_UNDECLARED_SELECTOR = YES;
				GCC_WARN_UNINITIALIZED_AUTOS = YES_AGGRESSIVE;
				GCC_WARN_UNUSED_FUNCTION = YES;
				GCC_WARN_UNUSED_VARIABLE = YES;
				IPHONEOS_DEPLOYMENT_TARGET = 11.3;
				MTL_ENABLE_DEBUG_INFO = NO;
				SDKROOT = iphoneos;
				SWIFT_COMPILATION_MODE = wholemodule;
				SWIFT_OPTIMIZATION_LEVEL = "-O";
				VALIDATE_PRODUCT = YES;
			};
			name = Release;
		};
		3979C3AC20915AF000892E55 /* Debug */ = {
			isa = XCBuildConfiguration;
			buildSettings = {
				ASSETCATALOG_COMPILER_APPICON_NAME = AppIcon;
				CODE_SIGN_STYLE = Automatic;
				DEVELOPMENT_TEAM = PH7T2AY8WD;
				INFOPLIST_FILE = "Window Shopper/Info.plist";
				LD_RUNPATH_SEARCH_PATHS = (
					"$(inherited)",
					"@executable_path/Frameworks",
				);
				PRODUCT_BUNDLE_IDENTIFIER = "com.Statumllc.HWCocos2d.Window-Shopper";
				PRODUCT_NAME = "$(TARGET_NAME)";
				SWIFT_VERSION = 4.0;
				TARGETED_DEVICE_FAMILY = "1,2";
			};
			name = Debug;
		};
		3979C3AD20915AF000892E55 /* Release */ = {
			isa = XCBuildConfiguration;
			buildSettings = {
				ASSETCATALOG_COMPILER_APPICON_NAME = AppIcon;
				CODE_SIGN_STYLE = Automatic;
				DEVELOPMENT_TEAM = PH7T2AY8WD;
				INFOPLIST_FILE = "Window Shopper/Info.plist";
				LD_RUNPATH_SEARCH_PATHS = (
					"$(inherited)",
					"@executable_path/Frameworks",
				);
				PRODUCT_BUNDLE_IDENTIFIER = "com.Statumllc.HWCocos2d.Window-Shopper";
				PRODUCT_NAME = "$(TARGET_NAME)";
				SWIFT_VERSION = 4.0;
				TARGETED_DEVICE_FAMILY = "1,2";
			};
			name = Release;
		};
/* End XCBuildConfiguration section */

/* Begin XCConfigurationList section */
		391861F82092863F00847D8B /* Build configuration list for PBXNativeTarget "Window ShopperTests" */ = {
			isa = XCConfigurationList;
			buildConfigurations = (
				391861F62092863F00847D8B /* Debug */,
				391861F72092863F00847D8B /* Release */,
			);
			defaultConfigurationIsVisible = 0;
			defaultConfigurationName = Release;
		};
		3979C39420915AE400892E55 /* Build configuration list for PBXProject "Window Shopper" */ = {
			isa = XCConfigurationList;
			buildConfigurations = (
				3979C3A920915AF000892E55 /* Debug */,
				3979C3AA20915AF000892E55 /* Release */,
			);
			defaultConfigurationIsVisible = 0;
			defaultConfigurationName = Release;
		};
		3979C3AB20915AF000892E55 /* Build configuration list for PBXNativeTarget "Window Shopper" */ = {
			isa = XCConfigurationList;
			buildConfigurations = (
				3979C3AC20915AF000892E55 /* Debug */,
				3979C3AD20915AF000892E55 /* Release */,
			);
			defaultConfigurationIsVisible = 0;
			defaultConfigurationName = Release;
		};
/* End XCConfigurationList section */
	};
	rootObject = 3979C39120915AE400892E55 /* Project object */;
}
