// !$*UTF8*$!
{
	archiveVersion = 1;
	classes = {
	};
	objectVersion = 50;
	objects = {

/* Begin PBXBuildFile section */
		39B99AEC20C70880004A7B33 /* AppDelegate.swift in Sources */ = {isa = PBXBuildFile; fileRef = 39B99AEB20C70880004A7B33 /* AppDelegate.swift */; };
		39B99AEE20C70880004A7B33 /* ViewController.swift in Sources */ = {isa = PBXBuildFile; fileRef = 39B99AED20C70880004A7B33 /* ViewController.swift */; };
		39B99AF120C70880004A7B33 /* Main.storyboard in Resources */ = {isa = PBXBuildFile; fileRef = 39B99AEF20C70880004A7B33 /* Main.storyboard */; };
		39B99AF320C70884004A7B33 /* Assets.xcassets in Resources */ = {isa = PBXBuildFile; fileRef = 39B99AF220C70884004A7B33 /* Assets.xcassets */; };
		39B99AF620C70884004A7B33 /* LaunchScreen.storyboard in Resources */ = {isa = PBXBuildFile; fileRef = 39B99AF420C70884004A7B33 /* LaunchScreen.storyboard */; };
		39B99B0120C720D1004A7B33 /* Workouts.plist in Resources */ = {isa = PBXBuildFile; fileRef = 39B99B0020C720D1004A7B33 /* Workouts.plist */; };
		39B99B0320C72BC1004A7B33 /* WorkoutsViewController.swift in Sources */ = {isa = PBXBuildFile; fileRef = 39B99B0220C72BC1004A7B33 /* WorkoutsViewController.swift */; };
		39B99B0520C73010004A7B33 /* CustomButton.swift in Sources */ = {isa = PBXBuildFile; fileRef = 39B99B0420C73010004A7B33 /* CustomButton.swift */; };
		39B99B0720C85487004A7B33 /* DetailsScreenVC.swift in Sources */ = {isa = PBXBuildFile; fileRef = 39B99B0620C85487004A7B33 /* DetailsScreenVC.swift */; };
		39B99B0920C867AB004A7B33 /* Constants.swift in Sources */ = {isa = PBXBuildFile; fileRef = 39B99B0820C867AB004A7B33 /* Constants.swift */; };
/* End PBXBuildFile section */

/* Begin PBXFileReference section */
		39B99AE820C70880004A7B33 /* Fun Sport.app */ = {isa = PBXFileReference; explicitFileType = wrapper.application; includeInIndex = 0; path = "Fun Sport.app"; sourceTree = BUILT_PRODUCTS_DIR; };
		39B99AEB20C70880004A7B33 /* AppDelegate.swift */ = {isa = PBXFileReference; lastKnownFileType = sourcecode.swift; path = AppDelegate.swift; sourceTree = "<group>"; };
		39B99AED20C70880004A7B33 /* ViewController.swift */ = {isa = PBXFileReference; lastKnownFileType = sourcecode.swift; path = ViewController.swift; sourceTree = "<group>"; };
		39B99AF020C70880004A7B33 /* Base */ = {isa = PBXFileReference; lastKnownFileType = file.storyboard; name = Base; path = Base.lproj/Main.storyboard; sourceTree = "<group>"; };
		39B99AF220C70884004A7B33 /* Assets.xcassets */ = {isa = PBXFileReference; lastKnownFileType = folder.assetcatalog; path = Assets.xcassets; sourceTree = "<group>"; };
		39B99AF520C70884004A7B33 /* Base */ = {isa = PBXFileReference; lastKnownFileType = file.storyboard; name = Base; path = Base.lproj/LaunchScreen.storyboard; sourceTree = "<group>"; };
		39B99AF720C70884004A7B33 /* Info.plist */ = {isa = PBXFileReference; lastKnownFileType = text.plist.xml; path = Info.plist; sourceTree = "<group>"; };
		39B99B0020C720D1004A7B33 /* Workouts.plist */ = {isa = PBXFileReference; lastKnownFileType = text.plist.xml; path = Workouts.plist; sourceTree = "<group>"; };
		39B99B0220C72BC1004A7B33 /* WorkoutsViewController.swift */ = {isa = PBXFileReference; lastKnownFileType = sourcecode.swift; path = WorkoutsViewController.swift; sourceTree = "<group>"; };
		39B99B0420C73010004A7B33 /* CustomButton.swift */ = {isa = PBXFileReference; lastKnownFileType = sourcecode.swift; path = CustomButton.swift; sourceTree = "<group>"; };
		39B99B0620C85487004A7B33 /* DetailsScreenVC.swift */ = {isa = PBXFileReference; lastKnownFileType = sourcecode.swift; path = DetailsScreenVC.swift; sourceTree = "<group>"; };
		39B99B0820C867AB004A7B33 /* Constants.swift */ = {isa = PBXFileReference; lastKnownFileType = sourcecode.swift; path = Constants.swift; sourceTree = "<group>"; };
/* End PBXFileReference section */

/* Begin PBXFrameworksBuildPhase section */
		39B99AE520C70880004A7B33 /* Frameworks */ = {
			isa = PBXFrameworksBuildPhase;
			buildActionMask = 2147483647;
			files = (
			);
			runOnlyForDeploymentPostprocessing = 0;
		};
/* End PBXFrameworksBuildPhase section */

/* Begin PBXGroup section */
		39B99ADF20C70880004A7B33 = {
			isa = PBXGroup;
			children = (
				39B99AEA20C70880004A7B33 /* Fun Sport */,
				39B99AE920C70880004A7B33 /* Products */,
			);
			sourceTree = "<group>";
		};
		39B99AE920C70880004A7B33 /* Products */ = {
			isa = PBXGroup;
			children = (
				39B99AE820C70880004A7B33 /* Fun Sport.app */,
			);
			name = Products;
			sourceTree = "<group>";
		};
		39B99AEA20C70880004A7B33 /* Fun Sport */ = {
			isa = PBXGroup;
			children = (
				39B99AFF20C72094004A7B33 /* Models */,
				39B99AFE20C7208A004A7B33 /* Views */,
				39B99AFD20C7206A004A7B33 /* Controllers */,
				39B99AEB20C70880004A7B33 /* AppDelegate.swift */,
				39B99AEF20C70880004A7B33 /* Main.storyboard */,
				39B99AF220C70884004A7B33 /* Assets.xcassets */,
				39B99AF420C70884004A7B33 /* LaunchScreen.storyboard */,
				39B99AF720C70884004A7B33 /* Info.plist */,
			);
			path = "Fun Sport";
			sourceTree = "<group>";
		};
		39B99AFD20C7206A004A7B33 /* Controllers */ = {
			isa = PBXGroup;
			children = (
				39B99AED20C70880004A7B33 /* ViewController.swift */,
				39B99B0220C72BC1004A7B33 /* WorkoutsViewController.swift */,
				39B99B0620C85487004A7B33 /* DetailsScreenVC.swift */,
			);
			path = Controllers;
			sourceTree = "<group>";
		};
		39B99AFE20C7208A004A7B33 /* Views */ = {
			isa = PBXGroup;
			children = (
				39B99B0420C73010004A7B33 /* CustomButton.swift */,
				39B99B0820C867AB004A7B33 /* Constants.swift */,
			);
			path = Views;
			sourceTree = "<group>";
		};
		39B99AFF20C72094004A7B33 /* Models */ = {
			isa = PBXGroup;
			children = (
				39B99B0020C720D1004A7B33 /* Workouts.plist */,
			);
			path = Models;
			sourceTree = "<group>";
		};
/* End PBXGroup section */

/* Begin PBXNativeTarget section */
		39B99AE720C70880004A7B33 /* Fun Sport */ = {
			isa = PBXNativeTarget;
			buildConfigurationList = 39B99AFA20C70884004A7B33 /* Build configuration list for PBXNativeTarget "Fun Sport" */;
			buildPhases = (
				39B99AE420C70880004A7B33 /* Sources */,
				39B99AE520C70880004A7B33 /* Frameworks */,
				39B99AE620C70880004A7B33 /* Resources */,
			);
			buildRules = (
			);
			dependencies = (
			);
			name = "Fun Sport";
			productName = "Fun Sport";
			productReference = 39B99AE820C70880004A7B33 /* Fun Sport.app */;
			productType = "com.apple.product-type.application";
		};
/* End PBXNativeTarget section */

/* Begin PBXProject section */
		39B99AE020C70880004A7B33 /* Project object */ = {
			isa = PBXProject;
			attributes = {
				LastSwiftUpdateCheck = 0940;
				LastUpgradeCheck = 0940;
				ORGANIZATIONNAME = jldroidSwift25;
				TargetAttributes = {
					39B99AE720C70880004A7B33 = {
						CreatedOnToolsVersion = 9.4;
					};
				};
			};
			buildConfigurationList = 39B99AE320C70880004A7B33 /* Build configuration list for PBXProject "Fun Sport" */;
			compatibilityVersion = "Xcode 9.3";
			developmentRegion = en;
			hasScannedForEncodings = 0;
			knownRegions = (
				en,
				Base,
			);
			mainGroup = 39B99ADF20C70880004A7B33;
			productRefGroup = 39B99AE920C70880004A7B33 /* Products */;
			projectDirPath = "";
			projectRoot = "";
			targets = (
				39B99AE720C70880004A7B33 /* Fun Sport */,
			);
		};
/* End PBXProject section */

/* Begin PBXResourcesBuildPhase section */
		39B99AE620C70880004A7B33 /* Resources */ = {
			isa = PBXResourcesBuildPhase;
			buildActionMask = 2147483647;
			files = (
				39B99AF620C70884004A7B33 /* LaunchScreen.storyboard in Resources */,
				39B99AF320C70884004A7B33 /* Assets.xcassets in Resources */,
				39B99B0120C720D1004A7B33 /* Workouts.plist in Resources */,
				39B99AF120C70880004A7B33 /* Main.storyboard in Resources */,
			);
			runOnlyForDeploymentPostprocessing = 0;
		};
/* End PBXResourcesBuildPhase section */

/* Begin PBXSourcesBuildPhase section */
		39B99AE420C70880004A7B33 /* Sources */ = {
			isa = PBXSourcesBuildPhase;
			buildActionMask = 2147483647;
			files = (
				39B99B0520C73010004A7B33 /* CustomButton.swift in Sources */,
				39B99B0720C85487004A7B33 /* DetailsScreenVC.swift in Sources */,
				39B99AEE20C70880004A7B33 /* ViewController.swift in Sources */,
				39B99AEC20C70880004A7B33 /* AppDelegate.swift in Sources */,
				39B99B0320C72BC1004A7B33 /* WorkoutsViewController.swift in Sources */,
				39B99B0920C867AB004A7B33 /* Constants.swift in Sources */,
			);
			runOnlyForDeploymentPostprocessing = 0;
		};
/* End PBXSourcesBuildPhase section */

/* Begin PBXVariantGroup section */
		39B99AEF20C70880004A7B33 /* Main.storyboard */ = {
			isa = PBXVariantGroup;
			children = (
				39B99AF020C70880004A7B33 /* Base */,
			);
			name = Main.storyboard;
			sourceTree = "<group>";
		};
		39B99AF420C70884004A7B33 /* LaunchScreen.storyboard */ = {
			isa = PBXVariantGroup;
			children = (
				39B99AF520C70884004A7B33 /* Base */,
			);
			name = LaunchScreen.storyboard;
			sourceTree = "<group>";
		};
/* End PBXVariantGroup section */

/* Begin XCBuildConfiguration section */
		39B99AF820C70884004A7B33 /* Debug */ = {
			isa = XCBuildConfiguration;
			buildSettings = {
				ALWAYS_SEARCH_USER_PATHS = NO;
				CLANG_ANALYZER_NONNULL = YES;
				CLANG_ANALYZER_NUMBER_OBJECT_CONVERSION = YES_AGGRESSIVE;
				CLANG_CXX_LANGUAGE_STANDARD = "gnu++14";
				CLANG_CXX_LIBRARY = "libc++";
				CLANG_ENABLE_MODULES = YES;
				CLANG_ENABLE_OBJC_ARC = YES;
				CLANG_ENABLE_OBJC_WEAK = YES;
				CLANG_WARN_BLOCK_CAPTURE_AUTORELEASING = YES;
				CLANG_WARN_BOOL_CONVERSION = YES;
				CLANG_WARN_COMMA = YES;
				CLANG_WARN_CONSTANT_CONVERSION = YES;
				CLANG_WARN_DEPRECATED_OBJC_IMPLEMENTATIONS = YES;
				CLANG_WARN_DIRECT_OBJC_ISA_USAGE = YES_ERROR;
				CLANG_WARN_DOCUMENTATION_COMMENTS = YES;
				CLANG_WARN_EMPTY_BODY = YES;
				CLANG_WARN_ENUM_CONVERSION = YES;
				CLANG_WARN_INFINITE_RECURSION = YES;
				CLANG_WARN_INT_CONVERSION = YES;
				CLANG_WARN_NON_LITERAL_NULL_CONVERSION = YES;
				CLANG_WARN_OBJC_IMPLICIT_RETAIN_SELF = YES;
				CLANG_WARN_OBJC_LITERAL_CONVERSION = YES;
				CLANG_WARN_OBJC_ROOT_CLASS = YES_ERROR;
				CLANG_WARN_RANGE_LOOP_ANALYSIS = YES;
				CLANG_WARN_STRICT_PROTOTYPES = YES;
				CLANG_WARN_SUSPICIOUS_MOVE = YES;
				CLANG_WARN_UNGUARDED_AVAILABILITY = YES_AGGRESSIVE;
				CLANG_WARN_UNREACHABLE_CODE = YES;
				CLANG_WARN__DUPLICATE_METHOD_MATCH = YES;
				CODE_SIGN_IDENTITY = "iPhone Developer";
				COPY_PHASE_STRIP = NO;
				DEBUG_INFORMATION_FORMAT = dwarf;
				ENABLE_STRICT_OBJC_MSGSEND = YES;
				ENABLE_TESTABILITY = YES;
				GCC_C_LANGUAGE_STANDARD = gnu11;
				GCC_DYNAMIC_NO_PIC = NO;
				GCC_NO_COMMON_BLOCKS = YES;
				GCC_OPTIMIZATION_LEVEL = 0;
				GCC_PREPROCESSOR_DEFINITIONS = (
					"DEBUG=1",
					"$(inherited)",
				);
				GCC_WARN_64_TO_32_BIT_CONVERSION = YES;
				GCC_WARN_ABOUT_RETURN_TYPE = YES_ERROR;
				GCC_WARN_UNDECLARED_SELECTOR = YES;
				GCC_WARN_UNINITIALIZED_AUTOS = YES_AGGRESSIVE;
				GCC_WARN_UNUSED_FUNCTION = YES;
				GCC_WARN_UNUSED_VARIABLE = YES;
				IPHONEOS_DEPLOYMENT_TARGET = 11.4;
				MTL_ENABLE_DEBUG_INFO = YES;
				ONLY_ACTIVE_ARCH = YES;
				SDKROOT = iphoneos;
				SWIFT_ACTIVE_COMPILATION_CONDITIONS = DEBUG;
				SWIFT_OPTIMIZATION_LEVEL = "-Onone";
			};
			name = Debug;
		};
		39B99AF920C70884004A7B33 /* Release */ = {
			isa = XCBuildConfiguration;
			buildSettings = {
				ALWAYS_SEARCH_USER_PATHS = NO;
				CLANG_ANALYZER_NONNULL = YES;
				CLANG_ANALYZER_NUMBER_OBJECT_CONVERSION = YES_AGGRESSIVE;
				CLANG_CXX_LANGUAGE_STANDARD = "gnu++14";
				CLANG_CXX_LIBRARY = "libc++";
				CLANG_ENABLE_MODULES = YES;
				CLANG_ENABLE_OBJC_ARC = YES;
				CLANG_ENABLE_OBJC_WEAK = YES;
				CLANG_WARN_BLOCK_CAPTURE_AUTORELEASING = YES;
				CLANG_WARN_BOOL_CONVERSION = YES;
				CLANG_WARN_COMMA = YES;
				CLANG_WARN_CONSTANT_CONVERSION = YES;
				CLANG_WARN_DEPRECATED_OBJC_IMPLEMENTATIONS = YES;
				CLANG_WARN_DIRECT_OBJC_ISA_USAGE = YES_ERROR;
				CLANG_WARN_DOCUMENTATION_COMMENTS = YES;
				CLANG_WARN_EMPTY_BODY = YES;
				CLANG_WARN_ENUM_CONVERSION = YES;
				CLANG_WARN_INFINITE_RECURSION = YES;
				CLANG_WARN_INT_CONVERSION = YES;
				CLANG_WARN_NON_LITERAL_NULL_CONVERSION = YES;
				CLANG_WARN_OBJC_IMPLICIT_RETAIN_SELF = YES;
				CLANG_WARN_OBJC_LITERAL_CONVERSION = YES;
				CLANG_WARN_OBJC_ROOT_CLASS = YES_ERROR;
				CLANG_WARN_RANGE_LOOP_ANALYSIS = YES;
				CLANG_WARN_STRICT_PROTOTYPES = YES;
				CLANG_WARN_SUSPICIOUS_MOVE = YES;
				CLANG_WARN_UNGUARDED_AVAILABILITY = YES_AGGRESSIVE;
				CLANG_WARN_UNREACHABLE_CODE = YES;
				CLANG_WARN__DUPLICATE_METHOD_MATCH = YES;
				CODE_SIGN_IDENTITY = "iPhone Developer";
				COPY_PHASE_STRIP = NO;
				DEBUG_INFORMATION_FORMAT = "dwarf-with-dsym";
				ENABLE_NS_ASSERTIONS = NO;
				ENABLE_STRICT_OBJC_MSGSEND = YES;
				GCC_C_LANGUAGE_STANDARD = gnu11;
				GCC_NO_COMMON_BLOCKS = YES;
				GCC_WARN_64_TO_32_BIT_CONVERSION = YES;
				GCC_WARN_ABOUT_RETURN_TYPE = YES_ERROR;
				GCC_WARN_UNDECLARED_SELECTOR = YES;
				GCC_WARN_UNINITIALIZED_AUTOS = YES_AGGRESSIVE;
				GCC_WARN_UNUSED_FUNCTION = YES;
				GCC_WARN_UNUSED_VARIABLE = YES;
				IPHONEOS_DEPLOYMENT_TARGET = 11.4;
				MTL_ENABLE_DEBUG_INFO = NO;
				SDKROOT = iphoneos;
				SWIFT_COMPILATION_MODE = wholemodule;
				SWIFT_OPTIMIZATION_LEVEL = "-O";
				VALIDATE_PRODUCT = YES;
			};
			name = Release;
		};
		39B99AFB20C70884004A7B33 /* Debug */ = {
			isa = XCBuildConfiguration;
			buildSettings = {
				ASSETCATALOG_COMPILER_APPICON_NAME = AppIcon;
				CODE_SIGN_STYLE = Automatic;
				DEVELOPMENT_TEAM = PH7T2AY8WD;
				INFOPLIST_FILE = "Fun Sport/Info.plist";
				IPHONEOS_DEPLOYMENT_TARGET = 11.3;
				LD_RUNPATH_SEARCH_PATHS = (
					"$(inherited)",
					"@executable_path/Frameworks",
				);
				PRODUCT_BUNDLE_IDENTIFIER = "com.Statumllc.HWCocos2d.Fun-Sport";
				PRODUCT_NAME = "$(TARGET_NAME)";
				SWIFT_VERSION = 4.0;
				TARGETED_DEVICE_FAMILY = "1,2";
			};
			name = Debug;
		};
		39B99AFC20C70884004A7B33 /* Release */ = {
			isa = XCBuildConfiguration;
			buildSettings = {
				ASSETCATALOG_COMPILER_APPICON_NAME = AppIcon;
				CODE_SIGN_STYLE = Automatic;
				DEVELOPMENT_TEAM = PH7T2AY8WD;
				INFOPLIST_FILE = "Fun Sport/Info.plist";
				IPHONEOS_DEPLOYMENT_TARGET = 11.3;
				LD_RUNPATH_SEARCH_PATHS = (
					"$(inherited)",
					"@executable_path/Frameworks",
				);
				PRODUCT_BUNDLE_IDENTIFIER = "com.Statumllc.HWCocos2d.Fun-Sport";
				PRODUCT_NAME = "$(TARGET_NAME)";
				SWIFT_VERSION = 4.0;
				TARGETED_DEVICE_FAMILY = "1,2";
			};
			name = Release;
		};
/* End XCBuildConfiguration section */

/* Begin XCConfigurationList section */
		39B99AE320C70880004A7B33 /* Build configuration list for PBXProject "Fun Sport" */ = {
			isa = XCConfigurationList;
			buildConfigurations = (
				39B99AF820C70884004A7B33 /* Debug */,
				39B99AF920C70884004A7B33 /* Release */,
			);
			defaultConfigurationIsVisible = 0;
			defaultConfigurationName = Release;
		};
		39B99AFA20C70884004A7B33 /* Build configuration list for PBXNativeTarget "Fun Sport" */ = {
			isa = XCConfigurationList;
			buildConfigurations = (
				39B99AFB20C70884004A7B33 /* Debug */,
				39B99AFC20C70884004A7B33 /* Release */,
			);
			defaultConfigurationIsVisible = 0;
			defaultConfigurationName = Release;
		};
/* End XCConfigurationList section */
	};
	rootObject = 39B99AE020C70880004A7B33 /* Project object */;
}
